PODS:
  - OpenCV (2.4.8)
  - RBBAnimation (0.3.0)
  - SDCAlertView (1.1):
    - RBBAnimation (~> 0.3)
    - SDCAutoLayout (~> 2.0)
  - SDCAutoLayout (2.0)

DEPENDENCIES:
  - OpenCV (~> 2.4.8)
  - RBBAnimation (~> 0.3)
  - SDCAlertView (~> 1.0)
  - SDCAutoLayout (~> 2.0)

SPEC CHECKSUMS:
  OpenCV: ea63ea6f551e4faf51f24712fcfd1e3d3345e7d3
  RBBAnimation: e7f31ed62f760f3caf120b5d943267bd9a8e1f64
  SDCAlertView: 0d23556dc7d6d7f53913ca35debd2e27ef33aa28
  SDCAutoLayout: fbb30550a36f244223ea40560549372eccd1c4c7

COCOAPODS: 0.29.0
