// !$*UTF8*$!
{
	archiveVersion = 1;
	classes = {
	};
	objectVersion = 46;
	objects = {

/* Begin PBXBuildFile section */
		5B27182918E89D61005BF15E /* AudioToolbox.framework in Frameworks */ = {isa = PBXBuildFile; fileRef = 5B27182818E89D61005BF15E /* AudioToolbox.framework */; };
		5B67ACEA18E4B6EF008CC092 /* GSF_Insert_sensor_alert-v2.png in Resources */ = {isa = PBXBuildFile; fileRef = 5B67ACE918E4B6EF008CC092 /* GSF_Insert_sensor_alert-v2.png */; };
		5B86529C18FA372F00C4E4E0 /* Crashlytics.framework in Frameworks */ = {isa = PBXBuildFile; fileRef = 5B86529B18FA372F00C4E4E0 /* Crashlytics.framework */; };
		5BC3156318E9CAE3004BBD95 /* GSFNoiseLevelController.m in Sources */ = {isa = PBXBuildFile; fileRef = 5BC3156218E9CAE3004BBD95 /* GSFNoiseLevelController.m */; };
		5BFF04F918E907AE00A86354 /* GSFSensorIOController.m in Sources */ = {isa = PBXBuildFile; fileRef = 5BFF04F818E907AE00A86354 /* GSFSensorIOController.m */; };
		96546A2018F2327A003F8BBB /* GSFProgressView.m in Sources */ = {isa = PBXBuildFile; fileRef = 96546A1F18F2327A003F8BBB /* GSFProgressView.m */; };
		966F6C8A18AAC0A100BE3334 /* hogcascade_pedestrians.xml in Resources */ = {isa = PBXBuildFile; fileRef = 966F6C8818AAC0A100BE3334 /* hogcascade_pedestrians.xml */; };
		966F6C9118AB579200BE3334 /* GoogleMaps.framework in Frameworks */ = {isa = PBXBuildFile; fileRef = 966F6C9018AB579200BE3334 /* GoogleMaps.framework */; };
		966F6C9318AB57CF00BE3334 /* CoreData.framework in Frameworks */ = {isa = PBXBuildFile; fileRef = 966F6C9218AB57CF00BE3334 /* CoreData.framework */; };
		966F6C9518AB57EE00BE3334 /* CoreText.framework in Frameworks */ = {isa = PBXBuildFile; fileRef = 966F6C9418AB57EE00BE3334 /* CoreText.framework */; };
		966F6C9718AB57F800BE3334 /* GLKit.framework in Frameworks */ = {isa = PBXBuildFile; fileRef = 966F6C9618AB57F800BE3334 /* GLKit.framework */; };
		966F6C9918AB580A00BE3334 /* ImageIO.framework in Frameworks */ = {isa = PBXBuildFile; fileRef = 966F6C9818AB580A00BE3334 /* ImageIO.framework */; };
		966F6C9B18AB581C00BE3334 /* libc++.dylib in Frameworks */ = {isa = PBXBuildFile; fileRef = 966F6C9A18AB581C00BE3334 /* libc++.dylib */; };
		966F6C9D18AB582C00BE3334 /* libicucore.dylib in Frameworks */ = {isa = PBXBuildFile; fileRef = 966F6C9C18AB582C00BE3334 /* libicucore.dylib */; };
		966F6C9F18AB583900BE3334 /* libz.dylib in Frameworks */ = {isa = PBXBuildFile; fileRef = 966F6C9E18AB583900BE3334 /* libz.dylib */; };
		966F6CA118AB584000BE3334 /* OpenGLES.framework in Frameworks */ = {isa = PBXBuildFile; fileRef = 966F6CA018AB584000BE3334 /* OpenGLES.framework */; };
		966F6CA318AB587500BE3334 /* SystemConfiguration.framework in Frameworks */ = {isa = PBXBuildFile; fileRef = 966F6CA218AB587500BE3334 /* SystemConfiguration.framework */; };
		966F6CA718AC84C600BE3334 /* GSFGMapViewController.m in Sources */ = {isa = PBXBuildFile; fileRef = 966F6CA618AC84C600BE3334 /* GSFGMapViewController.m */; };
		96B5990318920061001D29CF /* GSFDataViewController.m in Sources */ = {isa = PBXBuildFile; fileRef = 96B5990218920061001D29CF /* GSFDataViewController.m */; };
		96B599091895FB4D001D29CF /* GSFImageCollectionViewCell.m in Sources */ = {isa = PBXBuildFile; fileRef = 96B599081895FB4D001D29CF /* GSFImageCollectionViewCell.m */; };
		96C6A525189844F2004D70F0 /* Accelerate.framework in Frameworks */ = {isa = PBXBuildFile; fileRef = 96C6A524189844F2004D70F0 /* Accelerate.framework */; };
		96C6A52818984501004D70F0 /* AssetsLibrary.framework in Frameworks */ = {isa = PBXBuildFile; fileRef = 96C6A52618984501004D70F0 /* AssetsLibrary.framework */; };
		96C6A52918984501004D70F0 /* AVFoundation.framework in Frameworks */ = {isa = PBXBuildFile; fileRef = 96C6A52718984501004D70F0 /* AVFoundation.framework */; };
		96C6A52D1898451A004D70F0 /* CoreImage.framework in Frameworks */ = {isa = PBXBuildFile; fileRef = 96C6A52A1898451A004D70F0 /* CoreImage.framework */; };
		96C6A52E1898451A004D70F0 /* CoreMedia.framework in Frameworks */ = {isa = PBXBuildFile; fileRef = 96C6A52B1898451A004D70F0 /* CoreMedia.framework */; };
		96C6A52F1898451A004D70F0 /* CoreVideo.framework in Frameworks */ = {isa = PBXBuildFile; fileRef = 96C6A52C1898451A004D70F0 /* CoreVideo.framework */; };
		96C6A53118984534004D70F0 /* QuartzCore.framework in Frameworks */ = {isa = PBXBuildFile; fileRef = 96C6A53018984534004D70F0 /* QuartzCore.framework */; };
		96EAC4B818AD88280084B331 /* haarcascade_frontalface_alt.xml in Resources */ = {isa = PBXBuildFile; fileRef = 96EAC4B518AD88280084B331 /* haarcascade_frontalface_alt.xml */; };
		96EAC4B918AD88280084B331 /* haarcascade_frontalface_alt2.xml in Resources */ = {isa = PBXBuildFile; fileRef = 96EAC4B618AD88280084B331 /* haarcascade_frontalface_alt2.xml */; };
		96EAC4BA18AD88280084B331 /* haarcascade_frontalface_default.xml in Resources */ = {isa = PBXBuildFile; fileRef = 96EAC4B718AD88280084B331 /* haarcascade_frontalface_default.xml */; };
		96EAC4BD18AD88450084B331 /* GSFImageSelectorPreview.m in Sources */ = {isa = PBXBuildFile; fileRef = 96EAC4BC18AD88450084B331 /* GSFImageSelectorPreview.m */; };
		96EAC4BF18AD8E250084B331 /* GoogleMaps.bundle in Resources */ = {isa = PBXBuildFile; fileRef = 96EAC4BE18AD8E250084B331 /* GoogleMaps.bundle */; };
		96EAC4D818B18ADD0084B331 /* GSFImage.m in Sources */ = {isa = PBXBuildFile; fileRef = 96EAC4D718B18ADD0084B331 /* GSFImage.m */; };
		96EAC4DC18BC75A90084B331 /* GSFDataTransfer.m in Sources */ = {isa = PBXBuildFile; fileRef = 96EAC4DB18BC75A90084B331 /* GSFDataTransfer.m */; };
		96EAF06618CD89940041A265 /* GSFSavedDataDetailViewController.m in Sources */ = {isa = PBXBuildFile; fileRef = 96EAF06518CD89940041A265 /* GSFSavedDataDetailViewController.m */; };
		96EAF06918CD89B90041A265 /* GSFSavedDataImageViewController.m in Sources */ = {isa = PBXBuildFile; fileRef = 96EAF06818CD89B90041A265 /* GSFSavedDataImageViewController.m */; };
		96F52DB018CFE08500684E64 /* GSFTableButton.m in Sources */ = {isa = PBXBuildFile; fileRef = 96F52DAF18CFE08500684E64 /* GSFTableButton.m */; };
		96FCA62418CAD0B000BC01A1 /* GSFSavedDataViewController.m in Sources */ = {isa = PBXBuildFile; fileRef = 96FCA62318CAD0B000BC01A1 /* GSFSavedDataViewController.m */; };
		96FE0E0818D24B37002C40A5 /* GSFSpinner.m in Sources */ = {isa = PBXBuildFile; fileRef = 96FE0E0718D24B37002C40A5 /* GSFSpinner.m */; };
		96FE0E0B18D2B838002C40A5 /* GSFLoginViewController.m in Sources */ = {isa = PBXBuildFile; fileRef = 96FE0E0A18D2B838002C40A5 /* GSFLoginViewController.m */; };
		D30862D218A2F8F100407EA5 /* GSFOpenCvImageViewController.m in Sources */ = {isa = PBXBuildFile; fileRef = D30862D118A2F8F100407EA5 /* GSFOpenCvImageViewController.m */; };
		D312C5C918CFEC9C00B8641A /* upload.png in Resources */ = {isa = PBXBuildFile; fileRef = D312C5C818CFEC9C00B8641A /* upload.png */; };
		D312C5CB18D6830B00B8641A /* Security.framework in Frameworks */ = {isa = PBXBuildFile; fileRef = D312C5CA18D6830B00B8641A /* Security.framework */; };
		D312C5CE18D6870300B8641A /* UYLPasswordManager.m in Sources */ = {isa = PBXBuildFile; fileRef = D312C5CD18D6870300B8641A /* UYLPasswordManager.m */; };
		D312C5D618D6919800B8641A /* globe-black.png in Resources */ = {isa = PBXBuildFile; fileRef = D312C5CF18D6919800B8641A /* globe-black.png */; };
		D312C5D718D6919800B8641A /* globe-transparent.png in Resources */ = {isa = PBXBuildFile; fileRef = D312C5D018D6919800B8641A /* globe-transparent.png */; };
		D312C5D818D6919800B8641A /* globe-white.png in Resources */ = {isa = PBXBuildFile; fileRef = D312C5D118D6919800B8641A /* globe-white.png */; };
		D312C5D918D6919800B8641A /* icon-black.png in Resources */ = {isa = PBXBuildFile; fileRef = D312C5D218D6919800B8641A /* icon-black.png */; };
		D312C5DA18D6919800B8641A /* icon-transparent-black.png in Resources */ = {isa = PBXBuildFile; fileRef = D312C5D318D6919800B8641A /* icon-transparent-black.png */; };
		D312C5DB18D6919800B8641A /* icon-transparent-white.png in Resources */ = {isa = PBXBuildFile; fileRef = D312C5D418D6919800B8641A /* icon-transparent-white.png */; };
		D312C5DC18D6919800B8641A /* icon-white.png in Resources */ = {isa = PBXBuildFile; fileRef = D312C5D518D6919800B8641A /* icon-white.png */; };
		D312C5E418D691C900B8641A /* globe-black5.png in Resources */ = {isa = PBXBuildFile; fileRef = D312C5DD18D691C900B8641A /* globe-black5.png */; };
		D312C5E518D691C900B8641A /* globe-transparent5.png in Resources */ = {isa = PBXBuildFile; fileRef = D312C5DE18D691C900B8641A /* globe-transparent5.png */; };
		D312C5E618D691C900B8641A /* globe-white5.png in Resources */ = {isa = PBXBuildFile; fileRef = D312C5DF18D691C900B8641A /* globe-white5.png */; };
		D312C5E718D691C900B8641A /* icon-black5.png in Resources */ = {isa = PBXBuildFile; fileRef = D312C5E018D691C900B8641A /* icon-black5.png */; };
		D312C5E818D691C900B8641A /* icon-transparent-black5.png in Resources */ = {isa = PBXBuildFile; fileRef = D312C5E118D691C900B8641A /* icon-transparent-black5.png */; };
		D312C5E918D691C900B8641A /* icon-transparent-white5.png in Resources */ = {isa = PBXBuildFile; fileRef = D312C5E218D691C900B8641A /* icon-transparent-white5.png */; };
		D312C5EA18D691C900B8641A /* icon-white5.png in Resources */ = {isa = PBXBuildFile; fileRef = D312C5E318D691C900B8641A /* icon-white5.png */; };
		D3641AFC18E10A7C00DBB5E7 /* Delete-icon.png in Resources */ = {isa = PBXBuildFile; fileRef = D3641AFB18E10A7C00DBB5E7 /* Delete-icon.png */; };
		D36F5D7118F0E8EF00C9C8B6 /* Crashlytics.framework in Frameworks */ = {isa = PBXBuildFile; fileRef = D36F5D7018F0E8EF00C9C8B6 /* Crashlytics.framework */; };
		D36F5D7418F0F39C00C9C8B6 /* GSFCreds.m in Sources */ = {isa = PBXBuildFile; fileRef = D36F5D7318F0F39C00C9C8B6 /* GSFCreds.m */; };
		D397AC4118B514D30067691D /* GSFAppDelegate.m in Sources */ = {isa = PBXBuildFile; fileRef = D397AC4018B514D30067691D /* GSFAppDelegate.m */; };
		D397AC4418BAC4920067691D /* GSFDirectionService.m in Sources */ = {isa = PBXBuildFile; fileRef = D397AC4318BAC4920067691D /* GSFDirectionService.m */; };
		D397AC4918BE80C40067691D /* GSFTrackerHelper.m in Sources */ = {isa = PBXBuildFile; fileRef = D397AC4818BE80C40067691D /* GSFTrackerHelper.m */; };
		D3BF4D1418CE4746003CB52B /* GSFPageControllerContentViewController.m in Sources */ = {isa = PBXBuildFile; fileRef = D3BF4D1318CE4746003CB52B /* GSFPageControllerContentViewController.m */; };
		D3BF4D1C18CE5E35003CB52B /* black.png in Resources */ = {isa = PBXBuildFile; fileRef = D3BF4D1918CE5E35003CB52B /* black.png */; };
		D3BF4D1D18CE5E35003CB52B /* transparent.png in Resources */ = {isa = PBXBuildFile; fileRef = D3BF4D1A18CE5E35003CB52B /* transparent.png */; };
		D3BF4D1E18CE5E35003CB52B /* white.png in Resources */ = {isa = PBXBuildFile; fileRef = D3BF4D1B18CE5E35003CB52B /* white.png */; };
		D3BF4D2218CE62C4003CB52B /* black1.png in Resources */ = {isa = PBXBuildFile; fileRef = D3BF4D1F18CE62C4003CB52B /* black1.png */; };
		D3BF4D2318CE62C4003CB52B /* transparent1.png in Resources */ = {isa = PBXBuildFile; fileRef = D3BF4D2018CE62C4003CB52B /* transparent1.png */; };
		D3BF4D2418CE62C4003CB52B /* white1.png in Resources */ = {isa = PBXBuildFile; fileRef = D3BF4D2118CE62C4003CB52B /* white1.png */; };
		D3D78071189996FE00E5AB50 /* GSFOpenCvImageProcessor.mm in Sources */ = {isa = PBXBuildFile; fileRef = D3D78070189996FE00E5AB50 /* GSFOpenCvImageProcessor.mm */; };
		D3D7807C18A0396900E5AB50 /* CoreLocation.framework in Frameworks */ = {isa = PBXBuildFile; fileRef = D3D7807B18A0396900E5AB50 /* CoreLocation.framework */; };
		D3D7807F18A0416400E5AB50 /* GSFTaggedVCViewController.m in Sources */ = {isa = PBXBuildFile; fileRef = D3D7807E18A0416400E5AB50 /* GSFTaggedVCViewController.m */; };
		D3D7808318A051DA00E5AB50 /* GSFData.m in Sources */ = {isa = PBXBuildFile; fileRef = D3D7808218A051DA00E5AB50 /* GSFData.m */; };
		D9F9F3AD5A024F9181F4F432 /* libPods.a in Frameworks */ = {isa = PBXBuildFile; fileRef = 0D1EB022391E459995534E17 /* libPods.a */; };
		DBB4283B1880A64F00139082 /* Foundation.framework in Frameworks */ = {isa = PBXBuildFile; fileRef = DBB4283A1880A64F00139082 /* Foundation.framework */; };
		DBB4283D1880A64F00139082 /* CoreGraphics.framework in Frameworks */ = {isa = PBXBuildFile; fileRef = DBB4283C1880A64F00139082 /* CoreGraphics.framework */; };
		DBB4283F1880A64F00139082 /* UIKit.framework in Frameworks */ = {isa = PBXBuildFile; fileRef = DBB4283E1880A64F00139082 /* UIKit.framework */; };
		DBB428451880A64F00139082 /* InfoPlist.strings in Resources */ = {isa = PBXBuildFile; fileRef = DBB428431880A64F00139082 /* InfoPlist.strings */; };
		DBB428471880A64F00139082 /* main.m in Sources */ = {isa = PBXBuildFile; fileRef = DBB428461880A64F00139082 /* main.m */; };
		DBB4284E1880A64F00139082 /* Main_iPhone.storyboard in Resources */ = {isa = PBXBuildFile; fileRef = DBB4284C1880A64F00139082 /* Main_iPhone.storyboard */; };
		DBB428511880A64F00139082 /* Main_iPad.storyboard in Resources */ = {isa = PBXBuildFile; fileRef = DBB4284F1880A64F00139082 /* Main_iPad.storyboard */; };
		DBB428541880A64F00139082 /* GSFViewController.m in Sources */ = {isa = PBXBuildFile; fileRef = DBB428531880A64F00139082 /* GSFViewController.m */; };
		DBB428561880A64F00139082 /* Images.xcassets in Resources */ = {isa = PBXBuildFile; fileRef = DBB428551880A64F00139082 /* Images.xcassets */; };
		DBB4285D1880A64F00139082 /* XCTest.framework in Frameworks */ = {isa = PBXBuildFile; fileRef = DBB4285C1880A64F00139082 /* XCTest.framework */; };
		DBB4285E1880A64F00139082 /* Foundation.framework in Frameworks */ = {isa = PBXBuildFile; fileRef = DBB4283A1880A64F00139082 /* Foundation.framework */; };
		DBB4285F1880A64F00139082 /* UIKit.framework in Frameworks */ = {isa = PBXBuildFile; fileRef = DBB4283E1880A64F00139082 /* UIKit.framework */; };
		DBB428671880A64F00139082 /* InfoPlist.strings in Resources */ = {isa = PBXBuildFile; fileRef = DBB428651880A64F00139082 /* InfoPlist.strings */; };
		DBB428691880A64F00139082 /* GSFDataCollecterTests.m in Sources */ = {isa = PBXBuildFile; fileRef = DBB428681880A64F00139082 /* GSFDataCollecterTests.m */; };
/* End PBXBuildFile section */

/* Begin PBXContainerItemProxy section */
		DBB428601880A64F00139082 /* PBXContainerItemProxy */ = {
			isa = PBXContainerItemProxy;
			containerPortal = DBB4282F1880A64F00139082 /* Project object */;
			proxyType = 1;
			remoteGlobalIDString = DBB428361880A64F00139082;
			remoteInfo = GSFDataCollecter;
		};
/* End PBXContainerItemProxy section */

/* Begin PBXFileReference section */
		0D1EB022391E459995534E17 /* libPods.a */ = {isa = PBXFileReference; explicitFileType = archive.ar; includeInIndex = 0; path = libPods.a; sourceTree = BUILT_PRODUCTS_DIR; };
		5B27182818E89D61005BF15E /* AudioToolbox.framework */ = {isa = PBXFileReference; lastKnownFileType = wrapper.framework; name = AudioToolbox.framework; path = System/Library/Frameworks/AudioToolbox.framework; sourceTree = SDKROOT; };
		5B67ACE918E4B6EF008CC092 /* GSF_Insert_sensor_alert-v2.png */ = {isa = PBXFileReference; lastKnownFileType = image.png; path = "GSF_Insert_sensor_alert-v2.png"; sourceTree = "<group>"; };
		5B86529A18FA306100C4E4E0 /* GSFDataCollecter.entitlements */ = {isa = PBXFileReference; lastKnownFileType = text.xml; path = GSFDataCollecter.entitlements; sourceTree = "<group>"; };
		5B86529B18FA372F00C4E4E0 /* Crashlytics.framework */ = {isa = PBXFileReference; lastKnownFileType = wrapper.framework; path = Crashlytics.framework; sourceTree = "<group>"; };
		5BC3156118E9CAE3004BBD95 /* GSFNoiseLevelController.h */ = {isa = PBXFileReference; fileEncoding = 4; lastKnownFileType = sourcecode.c.h; path = GSFNoiseLevelController.h; sourceTree = "<group>"; };
		5BC3156218E9CAE3004BBD95 /* GSFNoiseLevelController.m */ = {isa = PBXFileReference; fileEncoding = 4; lastKnownFileType = sourcecode.c.objc; path = GSFNoiseLevelController.m; sourceTree = "<group>"; };
		5BFF04F718E907AE00A86354 /* GSFSensorIOController.h */ = {isa = PBXFileReference; fileEncoding = 4; lastKnownFileType = sourcecode.c.h; path = GSFSensorIOController.h; sourceTree = "<group>"; };
		5BFF04F818E907AE00A86354 /* GSFSensorIOController.m */ = {isa = PBXFileReference; fileEncoding = 4; lastKnownFileType = sourcecode.c.objc; path = GSFSensorIOController.m; sourceTree = "<group>"; };
		96546A1E18F2327A003F8BBB /* GSFProgressView.h */ = {isa = PBXFileReference; fileEncoding = 4; lastKnownFileType = sourcecode.c.h; path = GSFProgressView.h; sourceTree = "<group>"; };
		96546A1F18F2327A003F8BBB /* GSFProgressView.m */ = {isa = PBXFileReference; fileEncoding = 4; lastKnownFileType = sourcecode.c.objc; path = GSFProgressView.m; sourceTree = "<group>"; };
		966F6C8818AAC0A100BE3334 /* hogcascade_pedestrians.xml */ = {isa = PBXFileReference; fileEncoding = 4; lastKnownFileType = text.xml; name = hogcascade_pedestrians.xml; path = GSFDataCollecter/hogcascade_pedestrians.xml; sourceTree = "<group>"; };
		966F6C9018AB579200BE3334 /* GoogleMaps.framework */ = {isa = PBXFileReference; lastKnownFileType = wrapper.framework; path = GoogleMaps.framework; sourceTree = "<group>"; };
		966F6C9218AB57CF00BE3334 /* CoreData.framework */ = {isa = PBXFileReference; lastKnownFileType = wrapper.framework; name = CoreData.framework; path = System/Library/Frameworks/CoreData.framework; sourceTree = SDKROOT; };
		966F6C9418AB57EE00BE3334 /* CoreText.framework */ = {isa = PBXFileReference; lastKnownFileType = wrapper.framework; name = CoreText.framework; path = System/Library/Frameworks/CoreText.framework; sourceTree = SDKROOT; };
		966F6C9618AB57F800BE3334 /* GLKit.framework */ = {isa = PBXFileReference; lastKnownFileType = wrapper.framework; name = GLKit.framework; path = System/Library/Frameworks/GLKit.framework; sourceTree = SDKROOT; };
		966F6C9818AB580A00BE3334 /* ImageIO.framework */ = {isa = PBXFileReference; lastKnownFileType = wrapper.framework; name = ImageIO.framework; path = System/Library/Frameworks/ImageIO.framework; sourceTree = SDKROOT; };
		966F6C9A18AB581C00BE3334 /* libc++.dylib */ = {isa = PBXFileReference; lastKnownFileType = "compiled.mach-o.dylib"; name = "libc++.dylib"; path = "usr/lib/libc++.dylib"; sourceTree = SDKROOT; };
		966F6C9C18AB582C00BE3334 /* libicucore.dylib */ = {isa = PBXFileReference; lastKnownFileType = "compiled.mach-o.dylib"; name = libicucore.dylib; path = usr/lib/libicucore.dylib; sourceTree = SDKROOT; };
		966F6C9E18AB583900BE3334 /* libz.dylib */ = {isa = PBXFileReference; lastKnownFileType = "compiled.mach-o.dylib"; name = libz.dylib; path = usr/lib/libz.dylib; sourceTree = SDKROOT; };
		966F6CA018AB584000BE3334 /* OpenGLES.framework */ = {isa = PBXFileReference; lastKnownFileType = wrapper.framework; name = OpenGLES.framework; path = System/Library/Frameworks/OpenGLES.framework; sourceTree = SDKROOT; };
		966F6CA218AB587500BE3334 /* SystemConfiguration.framework */ = {isa = PBXFileReference; lastKnownFileType = wrapper.framework; name = SystemConfiguration.framework; path = System/Library/Frameworks/SystemConfiguration.framework; sourceTree = SDKROOT; };
		966F6CA518AC84C600BE3334 /* GSFGMapViewController.h */ = {isa = PBXFileReference; fileEncoding = 4; lastKnownFileType = sourcecode.c.h; path = GSFGMapViewController.h; sourceTree = "<group>"; };
		966F6CA618AC84C600BE3334 /* GSFGMapViewController.m */ = {isa = PBXFileReference; fileEncoding = 4; lastKnownFileType = sourcecode.c.objc; path = GSFGMapViewController.m; sourceTree = "<group>"; };
		96B5990118920061001D29CF /* GSFDataViewController.h */ = {isa = PBXFileReference; fileEncoding = 4; lastKnownFileType = sourcecode.c.h; path = GSFDataViewController.h; sourceTree = "<group>"; };
		96B5990218920061001D29CF /* GSFDataViewController.m */ = {isa = PBXFileReference; fileEncoding = 4; lastKnownFileType = sourcecode.c.objc; path = GSFDataViewController.m; sourceTree = "<group>"; };
		96B599071895FB4D001D29CF /* GSFImageCollectionViewCell.h */ = {isa = PBXFileReference; fileEncoding = 4; lastKnownFileType = sourcecode.c.h; path = GSFImageCollectionViewCell.h; sourceTree = "<group>"; };
		96B599081895FB4D001D29CF /* GSFImageCollectionViewCell.m */ = {isa = PBXFileReference; fileEncoding = 4; lastKnownFileType = sourcecode.c.objc; path = GSFImageCollectionViewCell.m; sourceTree = "<group>"; };
		96C6A524189844F2004D70F0 /* Accelerate.framework */ = {isa = PBXFileReference; lastKnownFileType = wrapper.framework; name = Accelerate.framework; path = System/Library/Frameworks/Accelerate.framework; sourceTree = SDKROOT; };
		96C6A52618984501004D70F0 /* AssetsLibrary.framework */ = {isa = PBXFileReference; lastKnownFileType = wrapper.framework; name = AssetsLibrary.framework; path = System/Library/Frameworks/AssetsLibrary.framework; sourceTree = SDKROOT; };
		96C6A52718984501004D70F0 /* AVFoundation.framework */ = {isa = PBXFileReference; lastKnownFileType = wrapper.framework; name = AVFoundation.framework; path = System/Library/Frameworks/AVFoundation.framework; sourceTree = SDKROOT; };
		96C6A52A1898451A004D70F0 /* CoreImage.framework */ = {isa = PBXFileReference; lastKnownFileType = wrapper.framework; name = CoreImage.framework; path = System/Library/Frameworks/CoreImage.framework; sourceTree = SDKROOT; };
		96C6A52B1898451A004D70F0 /* CoreMedia.framework */ = {isa = PBXFileReference; lastKnownFileType = wrapper.framework; name = CoreMedia.framework; path = System/Library/Frameworks/CoreMedia.framework; sourceTree = SDKROOT; };
		96C6A52C1898451A004D70F0 /* CoreVideo.framework */ = {isa = PBXFileReference; lastKnownFileType = wrapper.framework; name = CoreVideo.framework; path = System/Library/Frameworks/CoreVideo.framework; sourceTree = SDKROOT; };
		96C6A53018984534004D70F0 /* QuartzCore.framework */ = {isa = PBXFileReference; lastKnownFileType = wrapper.framework; name = QuartzCore.framework; path = System/Library/Frameworks/QuartzCore.framework; sourceTree = SDKROOT; };
		96EAC4B518AD88280084B331 /* haarcascade_frontalface_alt.xml */ = {isa = PBXFileReference; fileEncoding = 4; lastKnownFileType = text.xml; name = haarcascade_frontalface_alt.xml; path = GSFDataCollecter/haarcascade_frontalface_alt.xml; sourceTree = "<group>"; };
		96EAC4B618AD88280084B331 /* haarcascade_frontalface_alt2.xml */ = {isa = PBXFileReference; fileEncoding = 4; lastKnownFileType = text.xml; name = haarcascade_frontalface_alt2.xml; path = GSFDataCollecter/haarcascade_frontalface_alt2.xml; sourceTree = "<group>"; };
		96EAC4B718AD88280084B331 /* haarcascade_frontalface_default.xml */ = {isa = PBXFileReference; fileEncoding = 4; lastKnownFileType = text.xml; name = haarcascade_frontalface_default.xml; path = GSFDataCollecter/haarcascade_frontalface_default.xml; sourceTree = "<group>"; };
		96EAC4BB18AD88450084B331 /* GSFImageSelectorPreview.h */ = {isa = PBXFileReference; fileEncoding = 4; lastKnownFileType = sourcecode.c.h; path = GSFImageSelectorPreview.h; sourceTree = "<group>"; };
		96EAC4BC18AD88450084B331 /* GSFImageSelectorPreview.m */ = {isa = PBXFileReference; fileEncoding = 4; lastKnownFileType = sourcecode.c.objc; path = GSFImageSelectorPreview.m; sourceTree = "<group>"; };
		96EAC4BE18AD8E250084B331 /* GoogleMaps.bundle */ = {isa = PBXFileReference; lastKnownFileType = "wrapper.plug-in"; path = GoogleMaps.bundle; sourceTree = "<group>"; };
		96EAC4D618B18ADD0084B331 /* GSFImage.h */ = {isa = PBXFileReference; fileEncoding = 4; lastKnownFileType = sourcecode.c.h; path = GSFImage.h; sourceTree = "<group>"; };
		96EAC4D718B18ADD0084B331 /* GSFImage.m */ = {isa = PBXFileReference; fileEncoding = 4; lastKnownFileType = sourcecode.c.objc; path = GSFImage.m; sourceTree = "<group>"; };
		96EAC4DA18BC75A90084B331 /* GSFDataTransfer.h */ = {isa = PBXFileReference; fileEncoding = 4; lastKnownFileType = sourcecode.c.h; path = GSFDataTransfer.h; sourceTree = "<group>"; };
		96EAC4DB18BC75A90084B331 /* GSFDataTransfer.m */ = {isa = PBXFileReference; fileEncoding = 4; lastKnownFileType = sourcecode.c.objc; path = GSFDataTransfer.m; sourceTree = "<group>"; };
		96EAF06418CD89940041A265 /* GSFSavedDataDetailViewController.h */ = {isa = PBXFileReference; fileEncoding = 4; lastKnownFileType = sourcecode.c.h; path = GSFSavedDataDetailViewController.h; sourceTree = "<group>"; };
		96EAF06518CD89940041A265 /* GSFSavedDataDetailViewController.m */ = {isa = PBXFileReference; fileEncoding = 4; lastKnownFileType = sourcecode.c.objc; path = GSFSavedDataDetailViewController.m; sourceTree = "<group>"; };
		96EAF06718CD89B90041A265 /* GSFSavedDataImageViewController.h */ = {isa = PBXFileReference; fileEncoding = 4; lastKnownFileType = sourcecode.c.h; path = GSFSavedDataImageViewController.h; sourceTree = "<group>"; };
		96EAF06818CD89B90041A265 /* GSFSavedDataImageViewController.m */ = {isa = PBXFileReference; fileEncoding = 4; lastKnownFileType = sourcecode.c.objc; path = GSFSavedDataImageViewController.m; sourceTree = "<group>"; };
		96F52DAE18CFE08500684E64 /* GSFTableButton.h */ = {isa = PBXFileReference; fileEncoding = 4; lastKnownFileType = sourcecode.c.h; path = GSFTableButton.h; sourceTree = "<group>"; };
		96F52DAF18CFE08500684E64 /* GSFTableButton.m */ = {isa = PBXFileReference; fileEncoding = 4; lastKnownFileType = sourcecode.c.objc; path = GSFTableButton.m; sourceTree = "<group>"; };
		96FCA62218CAD0B000BC01A1 /* GSFSavedDataViewController.h */ = {isa = PBXFileReference; fileEncoding = 4; lastKnownFileType = sourcecode.c.h; path = GSFSavedDataViewController.h; sourceTree = "<group>"; };
		96FCA62318CAD0B000BC01A1 /* GSFSavedDataViewController.m */ = {isa = PBXFileReference; fileEncoding = 4; lastKnownFileType = sourcecode.c.objc; path = GSFSavedDataViewController.m; sourceTree = "<group>"; };
		96FE0E0618D24B37002C40A5 /* GSFSpinner.h */ = {isa = PBXFileReference; fileEncoding = 4; lastKnownFileType = sourcecode.c.h; path = GSFSpinner.h; sourceTree = "<group>"; };
		96FE0E0718D24B37002C40A5 /* GSFSpinner.m */ = {isa = PBXFileReference; fileEncoding = 4; lastKnownFileType = sourcecode.c.objc; path = GSFSpinner.m; sourceTree = "<group>"; };
		96FE0E0918D2B838002C40A5 /* GSFLoginViewController.h */ = {isa = PBXFileReference; fileEncoding = 4; lastKnownFileType = sourcecode.c.h; path = GSFLoginViewController.h; sourceTree = "<group>"; };
		96FE0E0A18D2B838002C40A5 /* GSFLoginViewController.m */ = {isa = PBXFileReference; fileEncoding = 4; lastKnownFileType = sourcecode.c.objc; path = GSFLoginViewController.m; sourceTree = "<group>"; };
		D30862D018A2F8F100407EA5 /* GSFOpenCvImageViewController.h */ = {isa = PBXFileReference; fileEncoding = 4; lastKnownFileType = sourcecode.c.h; path = GSFOpenCvImageViewController.h; sourceTree = "<group>"; };
		D30862D118A2F8F100407EA5 /* GSFOpenCvImageViewController.m */ = {isa = PBXFileReference; fileEncoding = 4; lastKnownFileType = sourcecode.c.objc; path = GSFOpenCvImageViewController.m; sourceTree = "<group>"; };
		D312C5C818CFEC9C00B8641A /* upload.png */ = {isa = PBXFileReference; lastKnownFileType = image.png; path = upload.png; sourceTree = "<group>"; };
		D312C5CA18D6830B00B8641A /* Security.framework */ = {isa = PBXFileReference; lastKnownFileType = wrapper.framework; name = Security.framework; path = System/Library/Frameworks/Security.framework; sourceTree = SDKROOT; };
		D312C5CC18D6870300B8641A /* UYLPasswordManager.h */ = {isa = PBXFileReference; fileEncoding = 4; lastKnownFileType = sourcecode.c.h; path = UYLPasswordManager.h; sourceTree = "<group>"; };
		D312C5CD18D6870300B8641A /* UYLPasswordManager.m */ = {isa = PBXFileReference; fileEncoding = 4; lastKnownFileType = sourcecode.c.objc; path = UYLPasswordManager.m; sourceTree = "<group>"; };
		D312C5CF18D6919800B8641A /* globe-black.png */ = {isa = PBXFileReference; lastKnownFileType = image.png; path = "globe-black.png"; sourceTree = "<group>"; };
		D312C5D018D6919800B8641A /* globe-transparent.png */ = {isa = PBXFileReference; lastKnownFileType = image.png; path = "globe-transparent.png"; sourceTree = "<group>"; };
		D312C5D118D6919800B8641A /* globe-white.png */ = {isa = PBXFileReference; lastKnownFileType = image.png; path = "globe-white.png"; sourceTree = "<group>"; };
		D312C5D218D6919800B8641A /* icon-black.png */ = {isa = PBXFileReference; lastKnownFileType = image.png; path = "icon-black.png"; sourceTree = "<group>"; };
		D312C5D318D6919800B8641A /* icon-transparent-black.png */ = {isa = PBXFileReference; lastKnownFileType = image.png; path = "icon-transparent-black.png"; sourceTree = "<group>"; };
		D312C5D418D6919800B8641A /* icon-transparent-white.png */ = {isa = PBXFileReference; lastKnownFileType = image.png; path = "icon-transparent-white.png"; sourceTree = "<group>"; };
		D312C5D518D6919800B8641A /* icon-white.png */ = {isa = PBXFileReference; lastKnownFileType = image.png; path = "icon-white.png"; sourceTree = "<group>"; };
		D312C5DD18D691C900B8641A /* globe-black5.png */ = {isa = PBXFileReference; lastKnownFileType = image.png; path = "globe-black5.png"; sourceTree = "<group>"; };
		D312C5DE18D691C900B8641A /* globe-transparent5.png */ = {isa = PBXFileReference; lastKnownFileType = image.png; path = "globe-transparent5.png"; sourceTree = "<group>"; };
		D312C5DF18D691C900B8641A /* globe-white5.png */ = {isa = PBXFileReference; lastKnownFileType = image.png; path = "globe-white5.png"; sourceTree = "<group>"; };
		D312C5E018D691C900B8641A /* icon-black5.png */ = {isa = PBXFileReference; lastKnownFileType = image.png; path = "icon-black5.png"; sourceTree = "<group>"; };
		D312C5E118D691C900B8641A /* icon-transparent-black5.png */ = {isa = PBXFileReference; lastKnownFileType = image.png; path = "icon-transparent-black5.png"; sourceTree = "<group>"; };
		D312C5E218D691C900B8641A /* icon-transparent-white5.png */ = {isa = PBXFileReference; lastKnownFileType = image.png; path = "icon-transparent-white5.png"; sourceTree = "<group>"; };
		D312C5E318D691C900B8641A /* icon-white5.png */ = {isa = PBXFileReference; lastKnownFileType = image.png; path = "icon-white5.png"; sourceTree = "<group>"; };
		D3641AFB18E10A7C00DBB5E7 /* Delete-icon.png */ = {isa = PBXFileReference; lastKnownFileType = image.png; path = "Delete-icon.png"; sourceTree = "<group>"; };
		D36F5D7018F0E8EF00C9C8B6 /* Crashlytics.framework */ = {isa = PBXFileReference; lastKnownFileType = wrapper.framework; path = Crashlytics.framework; sourceTree = "<group>"; };
		D36F5D7218F0F39C00C9C8B6 /* GSFCreds.h */ = {isa = PBXFileReference; fileEncoding = 4; lastKnownFileType = sourcecode.c.h; path = GSFCreds.h; sourceTree = "<group>"; };
		D36F5D7318F0F39C00C9C8B6 /* GSFCreds.m */ = {isa = PBXFileReference; fileEncoding = 4; lastKnownFileType = sourcecode.c.objc; path = GSFCreds.m; sourceTree = "<group>"; };
		D397AC4018B514D30067691D /* GSFAppDelegate.m */ = {isa = PBXFileReference; fileEncoding = 4; lastKnownFileType = sourcecode.c.objc; path = GSFAppDelegate.m; sourceTree = "<group>"; };
		D397AC4218BAC4920067691D /* GSFDirectionService.h */ = {isa = PBXFileReference; fileEncoding = 4; lastKnownFileType = sourcecode.c.h; path = GSFDirectionService.h; sourceTree = "<group>"; };
		D397AC4318BAC4920067691D /* GSFDirectionService.m */ = {isa = PBXFileReference; fileEncoding = 4; lastKnownFileType = sourcecode.c.objc; path = GSFDirectionService.m; sourceTree = "<group>"; };
		D397AC4718BE80C40067691D /* GSFTrackerHelper.h */ = {isa = PBXFileReference; fileEncoding = 4; lastKnownFileType = sourcecode.c.h; path = GSFTrackerHelper.h; sourceTree = "<group>"; };
		D397AC4818BE80C40067691D /* GSFTrackerHelper.m */ = {isa = PBXFileReference; fileEncoding = 4; lastKnownFileType = sourcecode.c.objc; path = GSFTrackerHelper.m; sourceTree = "<group>"; };
		D3BF4D1218CE4746003CB52B /* GSFPageControllerContentViewController.h */ = {isa = PBXFileReference; fileEncoding = 4; lastKnownFileType = sourcecode.c.h; path = GSFPageControllerContentViewController.h; sourceTree = "<group>"; };
		D3BF4D1318CE4746003CB52B /* GSFPageControllerContentViewController.m */ = {isa = PBXFileReference; fileEncoding = 4; lastKnownFileType = sourcecode.c.objc; path = GSFPageControllerContentViewController.m; sourceTree = "<group>"; };
		D3BF4D1918CE5E35003CB52B /* black.png */ = {isa = PBXFileReference; lastKnownFileType = image.png; path = black.png; sourceTree = "<group>"; };
		D3BF4D1A18CE5E35003CB52B /* transparent.png */ = {isa = PBXFileReference; lastKnownFileType = image.png; path = transparent.png; sourceTree = "<group>"; };
		D3BF4D1B18CE5E35003CB52B /* white.png */ = {isa = PBXFileReference; lastKnownFileType = image.png; path = white.png; sourceTree = "<group>"; };
		D3BF4D1F18CE62C4003CB52B /* black1.png */ = {isa = PBXFileReference; lastKnownFileType = image.png; path = black1.png; sourceTree = "<group>"; };
		D3BF4D2018CE62C4003CB52B /* transparent1.png */ = {isa = PBXFileReference; lastKnownFileType = image.png; path = transparent1.png; sourceTree = "<group>"; };
		D3BF4D2118CE62C4003CB52B /* white1.png */ = {isa = PBXFileReference; lastKnownFileType = image.png; path = white1.png; sourceTree = "<group>"; };
		D3D7806F189996FE00E5AB50 /* GSFOpenCvImageProcessor.h */ = {isa = PBXFileReference; fileEncoding = 4; lastKnownFileType = sourcecode.c.h; path = GSFOpenCvImageProcessor.h; sourceTree = "<group>"; };
		D3D78070189996FE00E5AB50 /* GSFOpenCvImageProcessor.mm */ = {isa = PBXFileReference; fileEncoding = 4; lastKnownFileType = sourcecode.cpp.objcpp; path = GSFOpenCvImageProcessor.mm; sourceTree = "<group>"; };
		D3D7807B18A0396900E5AB50 /* CoreLocation.framework */ = {isa = PBXFileReference; lastKnownFileType = wrapper.framework; name = CoreLocation.framework; path = System/Library/Frameworks/CoreLocation.framework; sourceTree = SDKROOT; };
		D3D7807D18A0416400E5AB50 /* GSFTaggedVCViewController.h */ = {isa = PBXFileReference; fileEncoding = 4; lastKnownFileType = sourcecode.c.h; path = GSFTaggedVCViewController.h; sourceTree = "<group>"; };
		D3D7807E18A0416400E5AB50 /* GSFTaggedVCViewController.m */ = {isa = PBXFileReference; fileEncoding = 4; lastKnownFileType = sourcecode.c.objc; path = GSFTaggedVCViewController.m; sourceTree = "<group>"; };
		D3D7808118A051DA00E5AB50 /* GSFData.h */ = {isa = PBXFileReference; fileEncoding = 4; lastKnownFileType = sourcecode.c.h; path = GSFData.h; sourceTree = "<group>"; };
		D3D7808218A051DA00E5AB50 /* GSFData.m */ = {isa = PBXFileReference; fileEncoding = 4; lastKnownFileType = sourcecode.c.objc; path = GSFData.m; sourceTree = "<group>"; };
		D421E72B666048D1B7300657 /* Pods.xcconfig */ = {isa = PBXFileReference; includeInIndex = 1; lastKnownFileType = text.xcconfig; name = Pods.xcconfig; path = Pods/Pods.xcconfig; sourceTree = "<group>"; };
		DBB428371880A64F00139082 /* GSFDataCollecter.app */ = {isa = PBXFileReference; explicitFileType = wrapper.application; includeInIndex = 0; path = GSFDataCollecter.app; sourceTree = BUILT_PRODUCTS_DIR; };
		DBB4283A1880A64F00139082 /* Foundation.framework */ = {isa = PBXFileReference; lastKnownFileType = wrapper.framework; name = Foundation.framework; path = System/Library/Frameworks/Foundation.framework; sourceTree = SDKROOT; };
		DBB4283C1880A64F00139082 /* CoreGraphics.framework */ = {isa = PBXFileReference; lastKnownFileType = wrapper.framework; name = CoreGraphics.framework; path = System/Library/Frameworks/CoreGraphics.framework; sourceTree = SDKROOT; };
		DBB4283E1880A64F00139082 /* UIKit.framework */ = {isa = PBXFileReference; lastKnownFileType = wrapper.framework; name = UIKit.framework; path = System/Library/Frameworks/UIKit.framework; sourceTree = SDKROOT; };
		DBB428421880A64F00139082 /* GSFDataCollecter-Info.plist */ = {isa = PBXFileReference; lastKnownFileType = text.plist.xml; path = "GSFDataCollecter-Info.plist"; sourceTree = "<group>"; };
		DBB428441880A64F00139082 /* en */ = {isa = PBXFileReference; lastKnownFileType = text.plist.strings; name = en; path = en.lproj/InfoPlist.strings; sourceTree = "<group>"; };
		DBB428461880A64F00139082 /* main.m */ = {isa = PBXFileReference; lastKnownFileType = sourcecode.c.objc; path = main.m; sourceTree = "<group>"; };
		DBB428481880A64F00139082 /* GSFDataCollecter-Prefix.pch */ = {isa = PBXFileReference; lastKnownFileType = sourcecode.c.h; path = "GSFDataCollecter-Prefix.pch"; sourceTree = "<group>"; };
		DBB428491880A64F00139082 /* GSFAppDelegate.h */ = {isa = PBXFileReference; lastKnownFileType = sourcecode.c.h; path = GSFAppDelegate.h; sourceTree = "<group>"; };
		DBB4284D1880A64F00139082 /* Base */ = {isa = PBXFileReference; lastKnownFileType = file.storyboard; name = Base; path = Base.lproj/Main_iPhone.storyboard; sourceTree = "<group>"; };
		DBB428501880A64F00139082 /* Base */ = {isa = PBXFileReference; lastKnownFileType = file.storyboard; name = Base; path = Base.lproj/Main_iPad.storyboard; sourceTree = "<group>"; };
		DBB428521880A64F00139082 /* GSFViewController.h */ = {isa = PBXFileReference; lastKnownFileType = sourcecode.c.h; path = GSFViewController.h; sourceTree = "<group>"; };
		DBB428531880A64F00139082 /* GSFViewController.m */ = {isa = PBXFileReference; lastKnownFileType = sourcecode.c.objc; path = GSFViewController.m; sourceTree = "<group>"; };
		DBB428551880A64F00139082 /* Images.xcassets */ = {isa = PBXFileReference; lastKnownFileType = folder.assetcatalog; path = Images.xcassets; sourceTree = "<group>"; };
		DBB4285B1880A64F00139082 /* GSFDataCollecterTests.xctest */ = {isa = PBXFileReference; explicitFileType = wrapper.cfbundle; includeInIndex = 0; path = GSFDataCollecterTests.xctest; sourceTree = BUILT_PRODUCTS_DIR; };
		DBB4285C1880A64F00139082 /* XCTest.framework */ = {isa = PBXFileReference; lastKnownFileType = wrapper.framework; name = XCTest.framework; path = Library/Frameworks/XCTest.framework; sourceTree = DEVELOPER_DIR; };
		DBB428641880A64F00139082 /* GSFDataCollecterTests-Info.plist */ = {isa = PBXFileReference; lastKnownFileType = text.plist.xml; path = "GSFDataCollecterTests-Info.plist"; sourceTree = "<group>"; };
		DBB428661880A64F00139082 /* en */ = {isa = PBXFileReference; lastKnownFileType = text.plist.strings; name = en; path = en.lproj/InfoPlist.strings; sourceTree = "<group>"; };
		DBB428681880A64F00139082 /* GSFDataCollecterTests.m */ = {isa = PBXFileReference; lastKnownFileType = sourcecode.c.objc; path = GSFDataCollecterTests.m; sourceTree = "<group>"; };
/* End PBXFileReference section */

/* Begin PBXFrameworksBuildPhase section */
		DBB428341880A64F00139082 /* Frameworks */ = {
			isa = PBXFrameworksBuildPhase;
			buildActionMask = 2147483647;
			files = (
				D312C5CB18D6830B00B8641A /* Security.framework in Frameworks */,
				966F6CA318AB587500BE3334 /* SystemConfiguration.framework in Frameworks */,
				5B86529C18FA372F00C4E4E0 /* Crashlytics.framework in Frameworks */,
				966F6CA118AB584000BE3334 /* OpenGLES.framework in Frameworks */,
				966F6C9F18AB583900BE3334 /* libz.dylib in Frameworks */,
				966F6C9D18AB582C00BE3334 /* libicucore.dylib in Frameworks */,
				966F6C9B18AB581C00BE3334 /* libc++.dylib in Frameworks */,
				966F6C9918AB580A00BE3334 /* ImageIO.framework in Frameworks */,
				966F6C9718AB57F800BE3334 /* GLKit.framework in Frameworks */,
				966F6C9518AB57EE00BE3334 /* CoreText.framework in Frameworks */,
				966F6C9318AB57CF00BE3334 /* CoreData.framework in Frameworks */,
				D3D7807C18A0396900E5AB50 /* CoreLocation.framework in Frameworks */,
				5B27182918E89D61005BF15E /* AudioToolbox.framework in Frameworks */,
				96C6A53118984534004D70F0 /* QuartzCore.framework in Frameworks */,
				96C6A52D1898451A004D70F0 /* CoreImage.framework in Frameworks */,
				96C6A52E1898451A004D70F0 /* CoreMedia.framework in Frameworks */,
				96C6A52F1898451A004D70F0 /* CoreVideo.framework in Frameworks */,
				DBB4283D1880A64F00139082 /* CoreGraphics.framework in Frameworks */,
				96C6A52818984501004D70F0 /* AssetsLibrary.framework in Frameworks */,
				96C6A52918984501004D70F0 /* AVFoundation.framework in Frameworks */,
				96C6A525189844F2004D70F0 /* Accelerate.framework in Frameworks */,
				966F6C9118AB579200BE3334 /* GoogleMaps.framework in Frameworks */,
				D36F5D7118F0E8EF00C9C8B6 /* Crashlytics.framework in Frameworks */,
				DBB4283F1880A64F00139082 /* UIKit.framework in Frameworks */,
				DBB4283B1880A64F00139082 /* Foundation.framework in Frameworks */,
				D9F9F3AD5A024F9181F4F432 /* libPods.a in Frameworks */,
			);
			runOnlyForDeploymentPostprocessing = 0;
		};
		DBB428581880A64F00139082 /* Frameworks */ = {
			isa = PBXFrameworksBuildPhase;
			buildActionMask = 2147483647;
			files = (
				DBB4285D1880A64F00139082 /* XCTest.framework in Frameworks */,
				DBB4285F1880A64F00139082 /* UIKit.framework in Frameworks */,
				DBB4285E1880A64F00139082 /* Foundation.framework in Frameworks */,
			);
			runOnlyForDeploymentPostprocessing = 0;
		};
/* End PBXFrameworksBuildPhase section */

/* Begin PBXGroup section */
		5BC3156418E9E04B004BBD95 /* NoiseLevelController */ = {
			isa = PBXGroup;
			children = (
				5BC3156118E9CAE3004BBD95 /* GSFNoiseLevelController.h */,
				5BC3156218E9CAE3004BBD95 /* GSFNoiseLevelController.m */,
			);
			name = NoiseLevelController;
			sourceTree = "<group>";
		};
		9633F8E118FA31040016E8CE /* SavedDataController */ = {
			isa = PBXGroup;
			children = (
				96FCA62218CAD0B000BC01A1 /* GSFSavedDataViewController.h */,
				96FCA62318CAD0B000BC01A1 /* GSFSavedDataViewController.m */,
				96EAF06418CD89940041A265 /* GSFSavedDataDetailViewController.h */,
				96EAF06518CD89940041A265 /* GSFSavedDataDetailViewController.m */,
				96EAF06718CD89B90041A265 /* GSFSavedDataImageViewController.h */,
				96EAF06818CD89B90041A265 /* GSFSavedDataImageViewController.m */,
				D3BF4D1218CE4746003CB52B /* GSFPageControllerContentViewController.h */,
				D3BF4D1318CE4746003CB52B /* GSFPageControllerContentViewController.m */,
				96F52DAE18CFE08500684E64 /* GSFTableButton.h */,
				96F52DAF18CFE08500684E64 /* GSFTableButton.m */,
			);
			name = SavedDataController;
			sourceTree = "<group>";
		};
		966F6C8B18AAC10B00BE3334 /* XMLClassifiers */ = {
			isa = PBXGroup;
			children = (
				96EAC4B518AD88280084B331 /* haarcascade_frontalface_alt.xml */,
				96EAC4B618AD88280084B331 /* haarcascade_frontalface_alt2.xml */,
				96EAC4B718AD88280084B331 /* haarcascade_frontalface_default.xml */,
				966F6C8818AAC0A100BE3334 /* hogcascade_pedestrians.xml */,
			);
			name = XMLClassifiers;
			path = ..;
			sourceTree = "<group>";
		};
		966F6CA418AC847000BE3334 /* GMaps */ = {
			isa = PBXGroup;
			children = (
				966F6CA518AC84C600BE3334 /* GSFGMapViewController.h */,
				966F6CA618AC84C600BE3334 /* GSFGMapViewController.m */,
				D397AC4218BAC4920067691D /* GSFDirectionService.h */,
				D397AC4318BAC4920067691D /* GSFDirectionService.m */,
				D397AC4718BE80C40067691D /* GSFTrackerHelper.h */,
				D397AC4818BE80C40067691D /* GSFTrackerHelper.m */,
			);
			name = GMaps;
			sourceTree = "<group>";
		};
		96EAC4D918BC75870084B331 /* Data Transfer */ = {
			isa = PBXGroup;
			children = (
				96EAC4DA18BC75A90084B331 /* GSFDataTransfer.h */,
				96EAC4DB18BC75A90084B331 /* GSFDataTransfer.m */,
			);
			name = "Data Transfer";
			sourceTree = "<group>";
		};
		D312C5EB18D782A800B8641A /* SensorsController */ = {
			isa = PBXGroup;
			children = (
				5BFF04F718E907AE00A86354 /* GSFSensorIOController.h */,
				5BFF04F818E907AE00A86354 /* GSFSensorIOController.m */,
			);
			name = SensorsController;
			sourceTree = "<group>";
		};
		D3D7807818A038B500E5AB50 /* ImagePickerController */ = {
			isa = PBXGroup;
			children = (
				966F6C8B18AAC10B00BE3334 /* XMLClassifiers */,
				96EAC4BB18AD88450084B331 /* GSFImageSelectorPreview.h */,
				96EAC4BC18AD88450084B331 /* GSFImageSelectorPreview.m */,
				DBB428521880A64F00139082 /* GSFViewController.h */,
				DBB428531880A64F00139082 /* GSFViewController.m */,
				96B599071895FB4D001D29CF /* GSFImageCollectionViewCell.h */,
				96B599081895FB4D001D29CF /* GSFImageCollectionViewCell.m */,
				D30862D018A2F8F100407EA5 /* GSFOpenCvImageViewController.h */,
				D30862D118A2F8F100407EA5 /* GSFOpenCvImageViewController.m */,
				D3D7806F189996FE00E5AB50 /* GSFOpenCvImageProcessor.h */,
				D3D78070189996FE00E5AB50 /* GSFOpenCvImageProcessor.mm */,
			);
			name = ImagePickerController;
			sourceTree = "<group>";
		};
		D3D7807918A038E400E5AB50 /* Main */ = {
			isa = PBXGroup;
			children = (
				96546A1E18F2327A003F8BBB /* GSFProgressView.h */,
				96546A1F18F2327A003F8BBB /* GSFProgressView.m */,
				D36F5D7218F0F39C00C9C8B6 /* GSFCreds.h */,
				D36F5D7318F0F39C00C9C8B6 /* GSFCreds.m */,
				D312C5CC18D6870300B8641A /* UYLPasswordManager.h */,
				D312C5CD18D6870300B8641A /* UYLPasswordManager.m */,
				96FE0E0918D2B838002C40A5 /* GSFLoginViewController.h */,
				96FE0E0A18D2B838002C40A5 /* GSFLoginViewController.m */,
				D397AC4018B514D30067691D /* GSFAppDelegate.m */,
				DBB428491880A64F00139082 /* GSFAppDelegate.h */,
				DBB4284F1880A64F00139082 /* Main_iPad.storyboard */,
				DBB4284C1880A64F00139082 /* Main_iPhone.storyboard */,
				D3D7807D18A0416400E5AB50 /* GSFTaggedVCViewController.h */,
				D3D7807E18A0416400E5AB50 /* GSFTaggedVCViewController.m */,
				96B5990118920061001D29CF /* GSFDataViewController.h */,
				96B5990218920061001D29CF /* GSFDataViewController.m */,
				96FE0E0618D24B37002C40A5 /* GSFSpinner.h */,
				96FE0E0718D24B37002C40A5 /* GSFSpinner.m */,
			);
			name = Main;
			sourceTree = "<group>";
		};
		D3D7808018A051B500E5AB50 /* Model */ = {
			isa = PBXGroup;
			children = (
				96EAC4D618B18ADD0084B331 /* GSFImage.h */,
				96EAC4D718B18ADD0084B331 /* GSFImage.m */,
				D3D7808118A051DA00E5AB50 /* GSFData.h */,
				D3D7808218A051DA00E5AB50 /* GSFData.m */,
			);
			name = Model;
			sourceTree = "<group>";
		};
		DBB4282E1880A64F00139082 = {
			isa = PBXGroup;
			children = (
				DBB428401880A64F00139082 /* GSFDataCollecter */,
				DBB428621880A64F00139082 /* GSFDataCollecterTests */,
				DBB428391880A64F00139082 /* Frameworks */,
				DBB428381880A64F00139082 /* Products */,
				D421E72B666048D1B7300657 /* Pods.xcconfig */,
			);
			sourceTree = "<group>";
		};
		DBB428381880A64F00139082 /* Products */ = {
			isa = PBXGroup;
			children = (
				DBB428371880A64F00139082 /* GSFDataCollecter.app */,
				DBB4285B1880A64F00139082 /* GSFDataCollecterTests.xctest */,
			);
			name = Products;
			sourceTree = "<group>";
		};
		DBB428391880A64F00139082 /* Frameworks */ = {
			isa = PBXGroup;
			children = (
				D36F5D7018F0E8EF00C9C8B6 /* Crashlytics.framework */,
				5B27182818E89D61005BF15E /* AudioToolbox.framework */,
				D312C5CA18D6830B00B8641A /* Security.framework */,
				96EAC4BE18AD8E250084B331 /* GoogleMaps.bundle */,
				966F6CA218AB587500BE3334 /* SystemConfiguration.framework */,
				966F6CA018AB584000BE3334 /* OpenGLES.framework */,
				966F6C9E18AB583900BE3334 /* libz.dylib */,
				966F6C9C18AB582C00BE3334 /* libicucore.dylib */,
				5B86529B18FA372F00C4E4E0 /* Crashlytics.framework */,
				966F6C9A18AB581C00BE3334 /* libc++.dylib */,
				966F6C9818AB580A00BE3334 /* ImageIO.framework */,
				966F6C9618AB57F800BE3334 /* GLKit.framework */,
				966F6C9418AB57EE00BE3334 /* CoreText.framework */,
				966F6C9218AB57CF00BE3334 /* CoreData.framework */,
				966F6C9018AB579200BE3334 /* GoogleMaps.framework */,
				D3D7807B18A0396900E5AB50 /* CoreLocation.framework */,
				96C6A53018984534004D70F0 /* QuartzCore.framework */,
				96C6A52A1898451A004D70F0 /* CoreImage.framework */,
				96C6A52B1898451A004D70F0 /* CoreMedia.framework */,
				96C6A52C1898451A004D70F0 /* CoreVideo.framework */,
				96C6A52618984501004D70F0 /* AssetsLibrary.framework */,
				96C6A52718984501004D70F0 /* AVFoundation.framework */,
				96C6A524189844F2004D70F0 /* Accelerate.framework */,
				DBB4283A1880A64F00139082 /* Foundation.framework */,
				DBB4283C1880A64F00139082 /* CoreGraphics.framework */,
				DBB4283E1880A64F00139082 /* UIKit.framework */,
				DBB4285C1880A64F00139082 /* XCTest.framework */,
				0D1EB022391E459995534E17 /* libPods.a */,
			);
			name = Frameworks;
			sourceTree = "<group>";
		};
		DBB428401880A64F00139082 /* GSFDataCollecter */ = {
			isa = PBXGroup;
			children = (
				9633F8E118FA31040016E8CE /* SavedDataController */,
				5BC3156418E9E04B004BBD95 /* NoiseLevelController */,
				D312C5EB18D782A800B8641A /* SensorsController */,
				DBB428551880A64F00139082 /* Images.xcassets */,
				96EAC4D918BC75870084B331 /* Data Transfer */,
				D3D7807918A038E400E5AB50 /* Main */,
				D3D7808018A051B500E5AB50 /* Model */,
				966F6CA418AC847000BE3334 /* GMaps */,
				D3D7807818A038B500E5AB50 /* ImagePickerController */,
				DBB428411880A64F00139082 /* Supporting Files */,
			);
			path = GSFDataCollecter;
			sourceTree = "<group>";
		};
		DBB428411880A64F00139082 /* Supporting Files */ = {
			isa = PBXGroup;
			children = (
				5B86529A18FA306100C4E4E0 /* GSFDataCollecter.entitlements */,
				D3641AFB18E10A7C00DBB5E7 /* Delete-icon.png */,
				5B67ACE918E4B6EF008CC092 /* GSF_Insert_sensor_alert-v2.png */,
				D312C5DD18D691C900B8641A /* globe-black5.png */,
				D312C5DE18D691C900B8641A /* globe-transparent5.png */,
				D312C5DF18D691C900B8641A /* globe-white5.png */,
				D312C5E018D691C900B8641A /* icon-black5.png */,
				D312C5E118D691C900B8641A /* icon-transparent-black5.png */,
				D312C5E218D691C900B8641A /* icon-transparent-white5.png */,
				D312C5E318D691C900B8641A /* icon-white5.png */,
				D312C5CF18D6919800B8641A /* globe-black.png */,
				D312C5D018D6919800B8641A /* globe-transparent.png */,
				D312C5D118D6919800B8641A /* globe-white.png */,
				D312C5D218D6919800B8641A /* icon-black.png */,
				D312C5D318D6919800B8641A /* icon-transparent-black.png */,
				D312C5D418D6919800B8641A /* icon-transparent-white.png */,
				D312C5D518D6919800B8641A /* icon-white.png */,
				D312C5C818CFEC9C00B8641A /* upload.png */,
				D3BF4D1F18CE62C4003CB52B /* black1.png */,
				D3BF4D2018CE62C4003CB52B /* transparent1.png */,
				D3BF4D2118CE62C4003CB52B /* white1.png */,
				D3BF4D1918CE5E35003CB52B /* black.png */,
				D3BF4D1A18CE5E35003CB52B /* transparent.png */,
				D3BF4D1B18CE5E35003CB52B /* white.png */,
				DBB428421880A64F00139082 /* GSFDataCollecter-Info.plist */,
				DBB428431880A64F00139082 /* InfoPlist.strings */,
				DBB428461880A64F00139082 /* main.m */,
				DBB428481880A64F00139082 /* GSFDataCollecter-Prefix.pch */,
			);
			name = "Supporting Files";
			sourceTree = "<group>";
		};
		DBB428621880A64F00139082 /* GSFDataCollecterTests */ = {
			isa = PBXGroup;
			children = (
				DBB428681880A64F00139082 /* GSFDataCollecterTests.m */,
				DBB428631880A64F00139082 /* Supporting Files */,
			);
			path = GSFDataCollecterTests;
			sourceTree = "<group>";
		};
		DBB428631880A64F00139082 /* Supporting Files */ = {
			isa = PBXGroup;
			children = (
				DBB428641880A64F00139082 /* GSFDataCollecterTests-Info.plist */,
				DBB428651880A64F00139082 /* InfoPlist.strings */,
			);
			name = "Supporting Files";
			sourceTree = "<group>";
		};
/* End PBXGroup section */

/* Begin PBXNativeTarget section */
		DBB428361880A64F00139082 /* GSFDataCollecter */ = {
			isa = PBXNativeTarget;
			buildConfigurationList = DBB4286C1880A64F00139082 /* Build configuration list for PBXNativeTarget "GSFDataCollecter" */;
			buildPhases = (
				EF2C562301214810BCE53C4B /* Check Pods Manifest.lock */,
				DBB428331880A64F00139082 /* Sources */,
				DBB428341880A64F00139082 /* Frameworks */,
				DBB428351880A64F00139082 /* Resources */,
				1265E63F7BB04CCDBD2B58D7 /* Copy Pods Resources */,
				D3DC777B18F0E55000D4E22B /* ShellScript */,
			);
			buildRules = (
			);
			dependencies = (
			);
			name = GSFDataCollecter;
			productName = GSFDataCollecter;
			productReference = DBB428371880A64F00139082 /* GSFDataCollecter.app */;
			productType = "com.apple.product-type.application";
		};
		DBB4285A1880A64F00139082 /* GSFDataCollecterTests */ = {
			isa = PBXNativeTarget;
			buildConfigurationList = DBB4286F1880A64F00139082 /* Build configuration list for PBXNativeTarget "GSFDataCollecterTests" */;
			buildPhases = (
				DBB428571880A64F00139082 /* Sources */,
				DBB428581880A64F00139082 /* Frameworks */,
				DBB428591880A64F00139082 /* Resources */,
			);
			buildRules = (
			);
			dependencies = (
				DBB428611880A64F00139082 /* PBXTargetDependency */,
			);
			name = GSFDataCollecterTests;
			productName = GSFDataCollecterTests;
			productReference = DBB4285B1880A64F00139082 /* GSFDataCollecterTests.xctest */;
			productType = "com.apple.product-type.bundle.unit-test";
		};
/* End PBXNativeTarget section */

/* Begin PBXProject section */
		DBB4282F1880A64F00139082 /* Project object */ = {
			isa = PBXProject;
			attributes = {
				CLASSPREFIX = GSF;
				LastUpgradeCheck = 0510;
				ORGANIZATIONNAME = "Michael Baptist - LLNL";
				TargetAttributes = {
					DBB428361880A64F00139082 = {
						DevelopmentTeam = Z5SLZ6QPTL;
					};
					DBB4285A1880A64F00139082 = {
						TestTargetID = DBB428361880A64F00139082;
					};
				};
			};
			buildConfigurationList = DBB428321880A64F00139082 /* Build configuration list for PBXProject "GSFDataCollecter" */;
			compatibilityVersion = "Xcode 3.2";
			developmentRegion = English;
			hasScannedForEncodings = 0;
			knownRegions = (
				en,
				Base,
			);
			mainGroup = DBB4282E1880A64F00139082;
			productRefGroup = DBB428381880A64F00139082 /* Products */;
			projectDirPath = "";
			projectRoot = "";
			targets = (
				DBB428361880A64F00139082 /* GSFDataCollecter */,
				DBB4285A1880A64F00139082 /* GSFDataCollecterTests */,
			);
		};
/* End PBXProject section */

/* Begin PBXResourcesBuildPhase section */
		DBB428351880A64F00139082 /* Resources */ = {
			isa = PBXResourcesBuildPhase;
			buildActionMask = 2147483647;
			files = (
				D3641AFC18E10A7C00DBB5E7 /* Delete-icon.png in Resources */,
				D312C5E518D691C900B8641A /* globe-transparent5.png in Resources */,
				D312C5E918D691C900B8641A /* icon-transparent-white5.png in Resources */,
				D312C5DC18D6919800B8641A /* icon-white.png in Resources */,
				D312C5D718D6919800B8641A /* globe-transparent.png in Resources */,
				D312C5EA18D691C900B8641A /* icon-white5.png in Resources */,
				D312C5D818D6919800B8641A /* globe-white.png in Resources */,
				D3BF4D1D18CE5E35003CB52B /* transparent.png in Resources */,
				D312C5D918D6919800B8641A /* icon-black.png in Resources */,
				D3BF4D2318CE62C4003CB52B /* transparent1.png in Resources */,
				5B67ACEA18E4B6EF008CC092 /* GSF_Insert_sensor_alert-v2.png in Resources */,
				96EAC4BF18AD8E250084B331 /* GoogleMaps.bundle in Resources */,
				D312C5D618D6919800B8641A /* globe-black.png in Resources */,
				DBB428511880A64F00139082 /* Main_iPad.storyboard in Resources */,
				D312C5C918CFEC9C00B8641A /* upload.png in Resources */,
				96EAC4B918AD88280084B331 /* haarcascade_frontalface_alt2.xml in Resources */,
				96EAC4BA18AD88280084B331 /* haarcascade_frontalface_default.xml in Resources */,
				DBB428561880A64F00139082 /* Images.xcassets in Resources */,
				D3BF4D1E18CE5E35003CB52B /* white.png in Resources */,
				DBB4284E1880A64F00139082 /* Main_iPhone.storyboard in Resources */,
				D312C5DA18D6919800B8641A /* icon-transparent-black.png in Resources */,
				D312C5E718D691C900B8641A /* icon-black5.png in Resources */,
				D312C5E818D691C900B8641A /* icon-transparent-black5.png in Resources */,
				966F6C8A18AAC0A100BE3334 /* hogcascade_pedestrians.xml in Resources */,
				D3BF4D1C18CE5E35003CB52B /* black.png in Resources */,
				D3BF4D2218CE62C4003CB52B /* black1.png in Resources */,
				96EAC4B818AD88280084B331 /* haarcascade_frontalface_alt.xml in Resources */,
				DBB428451880A64F00139082 /* InfoPlist.strings in Resources */,
				D312C5E418D691C900B8641A /* globe-black5.png in Resources */,
				D3BF4D2418CE62C4003CB52B /* white1.png in Resources */,
				D312C5E618D691C900B8641A /* globe-white5.png in Resources */,
				D312C5DB18D6919800B8641A /* icon-transparent-white.png in Resources */,
			);
			runOnlyForDeploymentPostprocessing = 0;
		};
		DBB428591880A64F00139082 /* Resources */ = {
			isa = PBXResourcesBuildPhase;
			buildActionMask = 2147483647;
			files = (
				DBB428671880A64F00139082 /* InfoPlist.strings in Resources */,
			);
			runOnlyForDeploymentPostprocessing = 0;
		};
/* End PBXResourcesBuildPhase section */

/* Begin PBXShellScriptBuildPhase section */
		1265E63F7BB04CCDBD2B58D7 /* Copy Pods Resources */ = {
			isa = PBXShellScriptBuildPhase;
			buildActionMask = 2147483647;
			files = (
			);
			inputPaths = (
			);
			name = "Copy Pods Resources";
			outputPaths = (
			);
			runOnlyForDeploymentPostprocessing = 0;
			shellPath = /bin/sh;
			shellScript = "\"${SRCROOT}/Pods/Pods-resources.sh\"\n";
			showEnvVarsInLog = 0;
		};
		D3DC777B18F0E55000D4E22B /* ShellScript */ = {
			isa = PBXShellScriptBuildPhase;
			buildActionMask = 2147483647;
			files = (
			);
			inputPaths = (
			);
			outputPaths = (
			);
			runOnlyForDeploymentPostprocessing = 0;
			shellPath = /bin/sh;
			shellScript = "[ -f .gsf_app_credentials ] && source .gsf_app_credentials\n if [ \"$CRASHLYTICS_API_KEY\" != \"x\" ]; then\n     ./Crashlytics.framework/run $CRASHLYTICS_API_KEY\n else\n     echo \"warning: Crashytics API Key not found\"\n fi";
		};
		EF2C562301214810BCE53C4B /* Check Pods Manifest.lock */ = {
			isa = PBXShellScriptBuildPhase;
			buildActionMask = 2147483647;
			files = (
			);
			inputPaths = (
			);
			name = "Check Pods Manifest.lock";
			outputPaths = (
			);
			runOnlyForDeploymentPostprocessing = 0;
			shellPath = /bin/sh;
			shellScript = "diff \"${PODS_ROOT}/../Podfile.lock\" \"${PODS_ROOT}/Manifest.lock\" > /dev/null\nif [[ $? != 0 ]] ; then\n    cat << EOM\nerror: The sandbox is not in sync with the Podfile.lock. Run 'pod install' or update your CocoaPods installation.\nEOM\n    exit 1\nfi\n";
			showEnvVarsInLog = 0;
		};
/* End PBXShellScriptBuildPhase section */

/* Begin PBXSourcesBuildPhase section */
		DBB428331880A64F00139082 /* Sources */ = {
			isa = PBXSourcesBuildPhase;
			buildActionMask = 2147483647;
			files = (
				D30862D218A2F8F100407EA5 /* GSFOpenCvImageViewController.m in Sources */,
				96EAC4DC18BC75A90084B331 /* GSFDataTransfer.m in Sources */,
				D3D7808318A051DA00E5AB50 /* GSFData.m in Sources */,
				96F52DB018CFE08500684E64 /* GSFTableButton.m in Sources */,
				D312C5CE18D6870300B8641A /* UYLPasswordManager.m in Sources */,
				96546A2018F2327A003F8BBB /* GSFProgressView.m in Sources */,
				96FCA62418CAD0B000BC01A1 /* GSFSavedDataViewController.m in Sources */,
				D3D7807F18A0416400E5AB50 /* GSFTaggedVCViewController.m in Sources */,
				D36F5D7418F0F39C00C9C8B6 /* GSFCreds.m in Sources */,
				96EAF06918CD89B90041A265 /* GSFSavedDataImageViewController.m in Sources */,
				D3BF4D1418CE4746003CB52B /* GSFPageControllerContentViewController.m in Sources */,
				96EAC4BD18AD88450084B331 /* GSFImageSelectorPreview.m in Sources */,
				96EAC4D818B18ADD0084B331 /* GSFImage.m in Sources */,
				5BC3156318E9CAE3004BBD95 /* GSFNoiseLevelController.m in Sources */,
				96B599091895FB4D001D29CF /* GSFImageCollectionViewCell.m in Sources */,
				96EAF06618CD89940041A265 /* GSFSavedDataDetailViewController.m in Sources */,
				D3D78071189996FE00E5AB50 /* GSFOpenCvImageProcessor.mm in Sources */,
				D397AC4118B514D30067691D /* GSFAppDelegate.m in Sources */,
				5BFF04F918E907AE00A86354 /* GSFSensorIOController.m in Sources */,
				D397AC4418BAC4920067691D /* GSFDirectionService.m in Sources */,
				DBB428471880A64F00139082 /* main.m in Sources */,
				DBB428541880A64F00139082 /* GSFViewController.m in Sources */,
				96FE0E0B18D2B838002C40A5 /* GSFLoginViewController.m in Sources */,
				966F6CA718AC84C600BE3334 /* GSFGMapViewController.m in Sources */,
				96FE0E0818D24B37002C40A5 /* GSFSpinner.m in Sources */,
				96B5990318920061001D29CF /* GSFDataViewController.m in Sources */,
				D397AC4918BE80C40067691D /* GSFTrackerHelper.m in Sources */,
			);
			runOnlyForDeploymentPostprocessing = 0;
		};
		DBB428571880A64F00139082 /* Sources */ = {
			isa = PBXSourcesBuildPhase;
			buildActionMask = 2147483647;
			files = (
				DBB428691880A64F00139082 /* GSFDataCollecterTests.m in Sources */,
			);
			runOnlyForDeploymentPostprocessing = 0;
		};
/* End PBXSourcesBuildPhase section */

/* Begin PBXTargetDependency section */
		DBB428611880A64F00139082 /* PBXTargetDependency */ = {
			isa = PBXTargetDependency;
			target = DBB428361880A64F00139082 /* GSFDataCollecter */;
			targetProxy = DBB428601880A64F00139082 /* PBXContainerItemProxy */;
		};
/* End PBXTargetDependency section */

/* Begin PBXVariantGroup section */
		DBB428431880A64F00139082 /* InfoPlist.strings */ = {
			isa = PBXVariantGroup;
			children = (
				DBB428441880A64F00139082 /* en */,
			);
			name = InfoPlist.strings;
			sourceTree = "<group>";
		};
		DBB4284C1880A64F00139082 /* Main_iPhone.storyboard */ = {
			isa = PBXVariantGroup;
			children = (
				DBB4284D1880A64F00139082 /* Base */,
			);
			name = Main_iPhone.storyboard;
			sourceTree = "<group>";
		};
		DBB4284F1880A64F00139082 /* Main_iPad.storyboard */ = {
			isa = PBXVariantGroup;
			children = (
				DBB428501880A64F00139082 /* Base */,
			);
			name = Main_iPad.storyboard;
			sourceTree = "<group>";
		};
		DBB428651880A64F00139082 /* InfoPlist.strings */ = {
			isa = PBXVariantGroup;
			children = (
				DBB428661880A64F00139082 /* en */,
			);
			name = InfoPlist.strings;
			sourceTree = "<group>";
		};
/* End PBXVariantGroup section */

/* Begin XCBuildConfiguration section */
		DBB4286A1880A64F00139082 /* Debug */ = {
			isa = XCBuildConfiguration;
			buildSettings = {
				ALWAYS_SEARCH_USER_PATHS = NO;
				CLANG_CXX_LANGUAGE_STANDARD = "gnu++0x";
				CLANG_CXX_LIBRARY = "libc++";
				CLANG_ENABLE_MODULES = YES;
				CLANG_ENABLE_OBJC_ARC = YES;
				CLANG_WARN_BOOL_CONVERSION = YES;
				CLANG_WARN_CONSTANT_CONVERSION = YES;
				CLANG_WARN_DIRECT_OBJC_ISA_USAGE = YES_ERROR;
				CLANG_WARN_EMPTY_BODY = YES;
				CLANG_WARN_ENUM_CONVERSION = YES;
				CLANG_WARN_INT_CONVERSION = YES;
				CLANG_WARN_OBJC_ROOT_CLASS = YES_ERROR;
				CLANG_WARN__DUPLICATE_METHOD_MATCH = YES;
				"CODE_SIGN_IDENTITY[sdk=iphoneos*]" = "iPhone Developer";
				COPY_PHASE_STRIP = NO;
				GCC_C_LANGUAGE_STANDARD = gnu99;
				GCC_DYNAMIC_NO_PIC = NO;
				GCC_OPTIMIZATION_LEVEL = 0;
				GCC_PREPROCESSOR_DEFINITIONS = (
					"DEBUG=1",
					"$(inherited)",
				);
				GCC_SYMBOLS_PRIVATE_EXTERN = NO;
				GCC_WARN_64_TO_32_BIT_CONVERSION = YES;
				GCC_WARN_ABOUT_RETURN_TYPE = YES_ERROR;
				GCC_WARN_UNDECLARED_SELECTOR = YES;
				GCC_WARN_UNINITIALIZED_AUTOS = YES;
				GCC_WARN_UNUSED_FUNCTION = YES;
				GCC_WARN_UNUSED_VARIABLE = YES;
				IPHONEOS_DEPLOYMENT_TARGET = 7.0;
				ONLY_ACTIVE_ARCH = YES;
				SDKROOT = iphoneos;
				TARGETED_DEVICE_FAMILY = "1,2";
			};
			name = Debug;
		};
		DBB4286B1880A64F00139082 /* Release */ = {
			isa = XCBuildConfiguration;
			buildSettings = {
				ALWAYS_SEARCH_USER_PATHS = NO;
				CLANG_CXX_LANGUAGE_STANDARD = "gnu++0x";
				CLANG_CXX_LIBRARY = "libc++";
				CLANG_ENABLE_MODULES = YES;
				CLANG_ENABLE_OBJC_ARC = YES;
				CLANG_WARN_BOOL_CONVERSION = YES;
				CLANG_WARN_CONSTANT_CONVERSION = YES;
				CLANG_WARN_DIRECT_OBJC_ISA_USAGE = YES_ERROR;
				CLANG_WARN_EMPTY_BODY = YES;
				CLANG_WARN_ENUM_CONVERSION = YES;
				CLANG_WARN_INT_CONVERSION = YES;
				CLANG_WARN_OBJC_ROOT_CLASS = YES_ERROR;
				CLANG_WARN__DUPLICATE_METHOD_MATCH = YES;
				"CODE_SIGN_IDENTITY[sdk=iphoneos*]" = "iPhone Developer";
				COPY_PHASE_STRIP = YES;
				ENABLE_NS_ASSERTIONS = NO;
				GCC_C_LANGUAGE_STANDARD = gnu99;
				GCC_WARN_64_TO_32_BIT_CONVERSION = YES;
				GCC_WARN_ABOUT_RETURN_TYPE = YES_ERROR;
				GCC_WARN_UNDECLARED_SELECTOR = YES;
				GCC_WARN_UNINITIALIZED_AUTOS = YES;
				GCC_WARN_UNUSED_FUNCTION = YES;
				GCC_WARN_UNUSED_VARIABLE = YES;
				IPHONEOS_DEPLOYMENT_TARGET = 7.0;
				SDKROOT = iphoneos;
				TARGETED_DEVICE_FAMILY = "1,2";
				VALIDATE_PRODUCT = YES;
			};
			name = Release;
		};
		DBB4286D1880A64F00139082 /* Debug */ = {
			isa = XCBuildConfiguration;
			baseConfigurationReference = D421E72B666048D1B7300657 /* Pods.xcconfig */;
			buildSettings = {
				ALWAYS_SEARCH_USER_PATHS = YES;
				ASSETCATALOG_COMPILER_APPICON_NAME = AppIcon;
				ASSETCATALOG_COMPILER_LAUNCHIMAGE_NAME = LaunchImage;
				CLANG_CXX_LIBRARY = "libc++";
				CODE_SIGN_ENTITLEMENTS = GSFDataCollecter/GSFDataCollecter.entitlements;
				CODE_SIGN_IDENTITY = "iPhone Developer";
				"CODE_SIGN_IDENTITY[sdk=iphoneos*]" = "iPhone Developer";
				FRAMEWORK_SEARCH_PATHS = (
					"$(inherited)",
					"./**",
					"/Users/mbaptist/Code/open-fusion-iOS",
					"$(PROJECT_DIR)",
				);
				GCC_PRECOMPILE_PREFIX_HEADER = YES;
				GCC_PREFIX_HEADER = "GSFDataCollecter/GSFDataCollecter-Prefix.pch";
				INFOPLIST_FILE = "GSFDataCollecter/GSFDataCollecter-Info.plist";
				PRODUCT_NAME = "$(TARGET_NAME)";
				PROVISIONING_PROFILE = "";
				VALIDATE_PRODUCT = NO;
				WRAPPER_EXTENSION = app;
			};
			name = Debug;
		};
		DBB4286E1880A64F00139082 /* Release */ = {
			isa = XCBuildConfiguration;
			baseConfigurationReference = D421E72B666048D1B7300657 /* Pods.xcconfig */;
			buildSettings = {
				ALWAYS_SEARCH_USER_PATHS = YES;
				ASSETCATALOG_COMPILER_APPICON_NAME = AppIcon;
				ASSETCATALOG_COMPILER_LAUNCHIMAGE_NAME = LaunchImage;
				CLANG_CXX_LIBRARY = "libc++";
				CODE_SIGN_ENTITLEMENTS = GSFDataCollecter/GSFDataCollecter.entitlements;
				CODE_SIGN_IDENTITY = "iPhone Developer";
				"CODE_SIGN_IDENTITY[sdk=iphoneos*]" = "iPhone Developer";
				FRAMEWORK_SEARCH_PATHS = (
					"$(inherited)",
					"./**",
					"/Users/mbaptist/Code/open-fusion-iOS",
					"$(PROJECT_DIR)",
				);
				GCC_PRECOMPILE_PREFIX_HEADER = YES;
				GCC_PREFIX_HEADER = "GSFDataCollecter/GSFDataCollecter-Prefix.pch";
				INFOPLIST_FILE = "GSFDataCollecter/GSFDataCollecter-Info.plist";
				PRODUCT_NAME = "$(TARGET_NAME)";
				PROVISIONING_PROFILE = "";
				VALIDATE_PRODUCT = YES;
				WRAPPER_EXTENSION = app;
			};
			name = Release;
		};
		DBB428701880A64F00139082 /* Debug */ = {
			isa = XCBuildConfiguration;
			buildSettings = {
				BUNDLE_LOADER = "$(BUILT_PRODUCTS_DIR)/GSFDataCollecter.app/GSFDataCollecter";
				FRAMEWORK_SEARCH_PATHS = (
					"$(SDKROOT)/Developer/Library/Frameworks",
					"$(inherited)",
					"$(DEVELOPER_FRAMEWORKS_DIR)",
				);
				GCC_PRECOMPILE_PREFIX_HEADER = YES;
				GCC_PREFIX_HEADER = "GSFDataCollecter/GSFDataCollecter-Prefix.pch";
				GCC_PREPROCESSOR_DEFINITIONS = (
					"DEBUG=1",
					"$(inherited)",
				);
				INFOPLIST_FILE = "GSFDataCollecterTests/GSFDataCollecterTests-Info.plist";
				PRODUCT_NAME = "$(TARGET_NAME)";
				TEST_HOST = "$(BUNDLE_LOADER)";
				WRAPPER_EXTENSION = xctest;
			};
			name = Debug;
		};
		DBB428711880A64F00139082 /* Release */ = {
			isa = XCBuildConfiguration;
			buildSettings = {
				BUNDLE_LOADER = "$(BUILT_PRODUCTS_DIR)/GSFDataCollecter.app/GSFDataCollecter";
				FRAMEWORK_SEARCH_PATHS = (
					"$(SDKROOT)/Developer/Library/Frameworks",
					"$(inherited)",
					"$(DEVELOPER_FRAMEWORKS_DIR)",
				);
				GCC_PRECOMPILE_PREFIX_HEADER = YES;
				GCC_PREFIX_HEADER = "GSFDataCollecter/GSFDataCollecter-Prefix.pch";
				INFOPLIST_FILE = "GSFDataCollecterTests/GSFDataCollecterTests-Info.plist";
				PRODUCT_NAME = "$(TARGET_NAME)";
				TEST_HOST = "$(BUNDLE_LOADER)";
				WRAPPER_EXTENSION = xctest;
			};
			name = Release;
		};
/* End XCBuildConfiguration section */

/* Begin XCConfigurationList section */
		DBB428321880A64F00139082 /* Build configuration list for PBXProject "GSFDataCollecter" */ = {
			isa = XCConfigurationList;
			buildConfigurations = (
				DBB4286A1880A64F00139082 /* Debug */,
				DBB4286B1880A64F00139082 /* Release */,
			);
			defaultConfigurationIsVisible = 0;
			defaultConfigurationName = Release;
		};
		DBB4286C1880A64F00139082 /* Build configuration list for PBXNativeTarget "GSFDataCollecter" */ = {
			isa = XCConfigurationList;
			buildConfigurations = (
				DBB4286D1880A64F00139082 /* Debug */,
				DBB4286E1880A64F00139082 /* Release */,
			);
			defaultConfigurationIsVisible = 0;
			defaultConfigurationName = Release;
		};
		DBB4286F1880A64F00139082 /* Build configuration list for PBXNativeTarget "GSFDataCollecterTests" */ = {
			isa = XCConfigurationList;
			buildConfigurations = (
				DBB428701880A64F00139082 /* Debug */,
				DBB428711880A64F00139082 /* Release */,
			);
			defaultConfigurationIsVisible = 0;
			defaultConfigurationName = Release;
		};
/* End XCConfigurationList section */
	};
	rootObject = DBB4282F1880A64F00139082 /* Project object */;
}
