// !$*UTF8*$!
{
	archiveVersion = 1;
	classes = {
	};
	objectVersion = 46;
	objects = {

/* Begin PBXBuildFile section */
		96B5990318920061001D29CF /* GSFDataViewController.m in Sources */ = {isa = PBXBuildFile; fileRef = 96B5990218920061001D29CF /* GSFDataViewController.m */; };
		96B599061894437F001D29CF /* GSFPhotoSelector.m in Sources */ = {isa = PBXBuildFile; fileRef = 96B599051894437F001D29CF /* GSFPhotoSelector.m */; };
		96B599091895FB4D001D29CF /* GSFImageCollectionViewCell.m in Sources */ = {isa = PBXBuildFile; fileRef = 96B599081895FB4D001D29CF /* GSFImageCollectionViewCell.m */; };
		96B5990C18963A5A001D29CF /* GSFImageSelectorPreview.m in Sources */ = {isa = PBXBuildFile; fileRef = 96B5990B18963A5A001D29CF /* GSFImageSelectorPreview.m */; };
		96C6A52318984390004D70F0 /* opencv2.framework in Frameworks */ = {isa = PBXBuildFile; fileRef = 96C6A52218984390004D70F0 /* opencv2.framework */; };
		96C6A525189844F2004D70F0 /* Accelerate.framework in Frameworks */ = {isa = PBXBuildFile; fileRef = 96C6A524189844F2004D70F0 /* Accelerate.framework */; };
		96C6A52818984501004D70F0 /* AssetsLibrary.framework in Frameworks */ = {isa = PBXBuildFile; fileRef = 96C6A52618984501004D70F0 /* AssetsLibrary.framework */; };
		96C6A52918984501004D70F0 /* AVFoundation.framework in Frameworks */ = {isa = PBXBuildFile; fileRef = 96C6A52718984501004D70F0 /* AVFoundation.framework */; };
		96C6A52D1898451A004D70F0 /* CoreImage.framework in Frameworks */ = {isa = PBXBuildFile; fileRef = 96C6A52A1898451A004D70F0 /* CoreImage.framework */; };
		96C6A52E1898451A004D70F0 /* CoreMedia.framework in Frameworks */ = {isa = PBXBuildFile; fileRef = 96C6A52B1898451A004D70F0 /* CoreMedia.framework */; };
		96C6A52F1898451A004D70F0 /* CoreVideo.framework in Frameworks */ = {isa = PBXBuildFile; fileRef = 96C6A52C1898451A004D70F0 /* CoreVideo.framework */; };
		96C6A53118984534004D70F0 /* QuartzCore.framework in Frameworks */ = {isa = PBXBuildFile; fileRef = 96C6A53018984534004D70F0 /* QuartzCore.framework */; };
		96C6A534189845BB004D70F0 /* GSFOpenCvImageProcessor.mm in Sources */ = {isa = PBXBuildFile; fileRef = 96C6A533189845BB004D70F0 /* GSFOpenCvImageProcessor.mm */; };
		DBB4283B1880A64F00139082 /* Foundation.framework in Frameworks */ = {isa = PBXBuildFile; fileRef = DBB4283A1880A64F00139082 /* Foundation.framework */; };
		DBB4283D1880A64F00139082 /* CoreGraphics.framework in Frameworks */ = {isa = PBXBuildFile; fileRef = DBB4283C1880A64F00139082 /* CoreGraphics.framework */; };
		DBB4283F1880A64F00139082 /* UIKit.framework in Frameworks */ = {isa = PBXBuildFile; fileRef = DBB4283E1880A64F00139082 /* UIKit.framework */; };
		DBB428451880A64F00139082 /* InfoPlist.strings in Resources */ = {isa = PBXBuildFile; fileRef = DBB428431880A64F00139082 /* InfoPlist.strings */; };
		DBB428471880A64F00139082 /* main.m in Sources */ = {isa = PBXBuildFile; fileRef = DBB428461880A64F00139082 /* main.m */; };
		DBB4284B1880A64F00139082 /* GSFAppDelegate.m in Sources */ = {isa = PBXBuildFile; fileRef = DBB4284A1880A64F00139082 /* GSFAppDelegate.m */; };
		DBB4284E1880A64F00139082 /* Main_iPhone.storyboard in Resources */ = {isa = PBXBuildFile; fileRef = DBB4284C1880A64F00139082 /* Main_iPhone.storyboard */; };
		DBB428511880A64F00139082 /* Main_iPad.storyboard in Resources */ = {isa = PBXBuildFile; fileRef = DBB4284F1880A64F00139082 /* Main_iPad.storyboard */; };
		DBB428541880A64F00139082 /* GSFViewController.m in Sources */ = {isa = PBXBuildFile; fileRef = DBB428531880A64F00139082 /* GSFViewController.m */; };
		DBB428561880A64F00139082 /* Images.xcassets in Resources */ = {isa = PBXBuildFile; fileRef = DBB428551880A64F00139082 /* Images.xcassets */; };
		DBB4285D1880A64F00139082 /* XCTest.framework in Frameworks */ = {isa = PBXBuildFile; fileRef = DBB4285C1880A64F00139082 /* XCTest.framework */; };
		DBB4285E1880A64F00139082 /* Foundation.framework in Frameworks */ = {isa = PBXBuildFile; fileRef = DBB4283A1880A64F00139082 /* Foundation.framework */; };
		DBB4285F1880A64F00139082 /* UIKit.framework in Frameworks */ = {isa = PBXBuildFile; fileRef = DBB4283E1880A64F00139082 /* UIKit.framework */; };
		DBB428671880A64F00139082 /* InfoPlist.strings in Resources */ = {isa = PBXBuildFile; fileRef = DBB428651880A64F00139082 /* InfoPlist.strings */; };
		DBB428691880A64F00139082 /* GSFDataCollecterTests.m in Sources */ = {isa = PBXBuildFile; fileRef = DBB428681880A64F00139082 /* GSFDataCollecterTests.m */; };
/* End PBXBuildFile section */

/* Begin PBXContainerItemProxy section */
		DBB428601880A64F00139082 /* PBXContainerItemProxy */ = {
			isa = PBXContainerItemProxy;
			containerPortal = DBB4282F1880A64F00139082 /* Project object */;
			proxyType = 1;
			remoteGlobalIDString = DBB428361880A64F00139082;
			remoteInfo = GSFDataCollecter;
		};
/* End PBXContainerItemProxy section */

/* Begin PBXFileReference section */
		96B5990118920061001D29CF /* GSFDataViewController.h */ = {isa = PBXFileReference; fileEncoding = 4; lastKnownFileType = sourcecode.c.h; path = GSFDataViewController.h; sourceTree = "<group>"; };
		96B5990218920061001D29CF /* GSFDataViewController.m */ = {isa = PBXFileReference; fileEncoding = 4; lastKnownFileType = sourcecode.c.objc; path = GSFDataViewController.m; sourceTree = "<group>"; };
		96B599041894437F001D29CF /* GSFPhotoSelector.h */ = {isa = PBXFileReference; fileEncoding = 4; lastKnownFileType = sourcecode.c.h; name = GSFPhotoSelector.h; path = ../GSFPhotoSelector.h; sourceTree = "<group>"; };
		96B599051894437F001D29CF /* GSFPhotoSelector.m */ = {isa = PBXFileReference; fileEncoding = 4; lastKnownFileType = sourcecode.c.objc; name = GSFPhotoSelector.m; path = ../GSFPhotoSelector.m; sourceTree = "<group>"; };
		96B599071895FB4D001D29CF /* GSFImageCollectionViewCell.h */ = {isa = PBXFileReference; fileEncoding = 4; lastKnownFileType = sourcecode.c.h; path = GSFImageCollectionViewCell.h; sourceTree = "<group>"; };
		96B599081895FB4D001D29CF /* GSFImageCollectionViewCell.m */ = {isa = PBXFileReference; fileEncoding = 4; lastKnownFileType = sourcecode.c.objc; path = GSFImageCollectionViewCell.m; sourceTree = "<group>"; };
		96B5990A18963A5A001D29CF /* GSFImageSelectorPreview.h */ = {isa = PBXFileReference; fileEncoding = 4; lastKnownFileType = sourcecode.c.h; name = GSFImageSelectorPreview.h; path = ../GSFImageSelectorPreview.h; sourceTree = "<group>"; };
		96B5990B18963A5A001D29CF /* GSFImageSelectorPreview.m */ = {isa = PBXFileReference; fileEncoding = 4; lastKnownFileType = sourcecode.c.objc; name = GSFImageSelectorPreview.m; path = ../GSFImageSelectorPreview.m; sourceTree = "<group>"; };
		96C6A52218984390004D70F0 /* opencv2.framework */ = {isa = PBXFileReference; lastKnownFileType = wrapper.framework; path = opencv2.framework; sourceTree = "<group>"; };
		96C6A524189844F2004D70F0 /* Accelerate.framework */ = {isa = PBXFileReference; lastKnownFileType = wrapper.framework; name = Accelerate.framework; path = System/Library/Frameworks/Accelerate.framework; sourceTree = SDKROOT; };
		96C6A52618984501004D70F0 /* AssetsLibrary.framework */ = {isa = PBXFileReference; lastKnownFileType = wrapper.framework; name = AssetsLibrary.framework; path = System/Library/Frameworks/AssetsLibrary.framework; sourceTree = SDKROOT; };
		96C6A52718984501004D70F0 /* AVFoundation.framework */ = {isa = PBXFileReference; lastKnownFileType = wrapper.framework; name = AVFoundation.framework; path = System/Library/Frameworks/AVFoundation.framework; sourceTree = SDKROOT; };
		96C6A52A1898451A004D70F0 /* CoreImage.framework */ = {isa = PBXFileReference; lastKnownFileType = wrapper.framework; name = CoreImage.framework; path = System/Library/Frameworks/CoreImage.framework; sourceTree = SDKROOT; };
		96C6A52B1898451A004D70F0 /* CoreMedia.framework */ = {isa = PBXFileReference; lastKnownFileType = wrapper.framework; name = CoreMedia.framework; path = System/Library/Frameworks/CoreMedia.framework; sourceTree = SDKROOT; };
		96C6A52C1898451A004D70F0 /* CoreVideo.framework */ = {isa = PBXFileReference; lastKnownFileType = wrapper.framework; name = CoreVideo.framework; path = System/Library/Frameworks/CoreVideo.framework; sourceTree = SDKROOT; };
		96C6A53018984534004D70F0 /* QuartzCore.framework */ = {isa = PBXFileReference; lastKnownFileType = wrapper.framework; name = QuartzCore.framework; path = System/Library/Frameworks/QuartzCore.framework; sourceTree = SDKROOT; };
		96C6A532189845BB004D70F0 /* GSFOpenCvImageProcessor.h */ = {isa = PBXFileReference; fileEncoding = 4; lastKnownFileType = sourcecode.c.h; name = GSFOpenCvImageProcessor.h; path = ../GSFOpenCvImageProcessor.h; sourceTree = "<group>"; };
		96C6A533189845BB004D70F0 /* GSFOpenCvImageProcessor.mm */ = {isa = PBXFileReference; fileEncoding = 4; lastKnownFileType = sourcecode.cpp.objcpp; name = GSFOpenCvImageProcessor.mm; path = ../GSFOpenCvImageProcessor.mm; sourceTree = "<group>"; };
		DBB428371880A64F00139082 /* GSFDataCollecter.app */ = {isa = PBXFileReference; explicitFileType = wrapper.application; includeInIndex = 0; path = GSFDataCollecter.app; sourceTree = BUILT_PRODUCTS_DIR; };
		DBB4283A1880A64F00139082 /* Foundation.framework */ = {isa = PBXFileReference; lastKnownFileType = wrapper.framework; name = Foundation.framework; path = System/Library/Frameworks/Foundation.framework; sourceTree = SDKROOT; };
		DBB4283C1880A64F00139082 /* CoreGraphics.framework */ = {isa = PBXFileReference; lastKnownFileType = wrapper.framework; name = CoreGraphics.framework; path = System/Library/Frameworks/CoreGraphics.framework; sourceTree = SDKROOT; };
		DBB4283E1880A64F00139082 /* UIKit.framework */ = {isa = PBXFileReference; lastKnownFileType = wrapper.framework; name = UIKit.framework; path = System/Library/Frameworks/UIKit.framework; sourceTree = SDKROOT; };
		DBB428421880A64F00139082 /* GSFDataCollecter-Info.plist */ = {isa = PBXFileReference; lastKnownFileType = text.plist.xml; path = "GSFDataCollecter-Info.plist"; sourceTree = "<group>"; };
		DBB428441880A64F00139082 /* en */ = {isa = PBXFileReference; lastKnownFileType = text.plist.strings; name = en; path = en.lproj/InfoPlist.strings; sourceTree = "<group>"; };
		DBB428461880A64F00139082 /* main.m */ = {isa = PBXFileReference; lastKnownFileType = sourcecode.c.objc; path = main.m; sourceTree = "<group>"; };
		DBB428481880A64F00139082 /* GSFDataCollecter-Prefix.pch */ = {isa = PBXFileReference; lastKnownFileType = sourcecode.c.h; path = "GSFDataCollecter-Prefix.pch"; sourceTree = "<group>"; };
		DBB428491880A64F00139082 /* GSFAppDelegate.h */ = {isa = PBXFileReference; lastKnownFileType = sourcecode.c.h; path = GSFAppDelegate.h; sourceTree = "<group>"; };
		DBB4284A1880A64F00139082 /* GSFAppDelegate.m */ = {isa = PBXFileReference; lastKnownFileType = sourcecode.c.objc; path = GSFAppDelegate.m; sourceTree = "<group>"; };
		DBB4284D1880A64F00139082 /* Base */ = {isa = PBXFileReference; lastKnownFileType = file.storyboard; name = Base; path = Base.lproj/Main_iPhone.storyboard; sourceTree = "<group>"; };
		DBB428501880A64F00139082 /* Base */ = {isa = PBXFileReference; lastKnownFileType = file.storyboard; name = Base; path = Base.lproj/Main_iPad.storyboard; sourceTree = "<group>"; };
		DBB428521880A64F00139082 /* GSFViewController.h */ = {isa = PBXFileReference; lastKnownFileType = sourcecode.c.h; path = GSFViewController.h; sourceTree = "<group>"; };
		DBB428531880A64F00139082 /* GSFViewController.m */ = {isa = PBXFileReference; lastKnownFileType = sourcecode.c.objc; path = GSFViewController.m; sourceTree = "<group>"; };
		DBB428551880A64F00139082 /* Images.xcassets */ = {isa = PBXFileReference; lastKnownFileType = folder.assetcatalog; path = Images.xcassets; sourceTree = "<group>"; };
		DBB4285B1880A64F00139082 /* GSFDataCollecterTests.xctest */ = {isa = PBXFileReference; explicitFileType = wrapper.cfbundle; includeInIndex = 0; path = GSFDataCollecterTests.xctest; sourceTree = BUILT_PRODUCTS_DIR; };
		DBB4285C1880A64F00139082 /* XCTest.framework */ = {isa = PBXFileReference; lastKnownFileType = wrapper.framework; name = XCTest.framework; path = Library/Frameworks/XCTest.framework; sourceTree = DEVELOPER_DIR; };
		DBB428641880A64F00139082 /* GSFDataCollecterTests-Info.plist */ = {isa = PBXFileReference; lastKnownFileType = text.plist.xml; path = "GSFDataCollecterTests-Info.plist"; sourceTree = "<group>"; };
		DBB428661880A64F00139082 /* en */ = {isa = PBXFileReference; lastKnownFileType = text.plist.strings; name = en; path = en.lproj/InfoPlist.strings; sourceTree = "<group>"; };
		DBB428681880A64F00139082 /* GSFDataCollecterTests.m */ = {isa = PBXFileReference; lastKnownFileType = sourcecode.c.objc; path = GSFDataCollecterTests.m; sourceTree = "<group>"; };
/* End PBXFileReference section */

/* Begin PBXFrameworksBuildPhase section */
		DBB428341880A64F00139082 /* Frameworks */ = {
			isa = PBXFrameworksBuildPhase;
			buildActionMask = 2147483647;
			files = (
				96C6A53118984534004D70F0 /* QuartzCore.framework in Frameworks */,
				96C6A52D1898451A004D70F0 /* CoreImage.framework in Frameworks */,
				96C6A52E1898451A004D70F0 /* CoreMedia.framework in Frameworks */,
				96C6A52F1898451A004D70F0 /* CoreVideo.framework in Frameworks */,
				DBB4283D1880A64F00139082 /* CoreGraphics.framework in Frameworks */,
				96C6A52818984501004D70F0 /* AssetsLibrary.framework in Frameworks */,
				96C6A52918984501004D70F0 /* AVFoundation.framework in Frameworks */,
				96C6A525189844F2004D70F0 /* Accelerate.framework in Frameworks */,
				DBB4283F1880A64F00139082 /* UIKit.framework in Frameworks */,
				96C6A52318984390004D70F0 /* opencv2.framework in Frameworks */,
				DBB4283B1880A64F00139082 /* Foundation.framework in Frameworks */,
			);
			runOnlyForDeploymentPostprocessing = 0;
		};
		DBB428581880A64F00139082 /* Frameworks */ = {
			isa = PBXFrameworksBuildPhase;
			buildActionMask = 2147483647;
			files = (
				DBB4285D1880A64F00139082 /* XCTest.framework in Frameworks */,
				DBB4285F1880A64F00139082 /* UIKit.framework in Frameworks */,
				DBB4285E1880A64F00139082 /* Foundation.framework in Frameworks */,
			);
			runOnlyForDeploymentPostprocessing = 0;
		};
/* End PBXFrameworksBuildPhase section */

/* Begin PBXGroup section */
		DBB4282E1880A64F00139082 = {
			isa = PBXGroup;
			children = (
				DBB428401880A64F00139082 /* GSFDataCollecter */,
				DBB428621880A64F00139082 /* GSFDataCollecterTests */,
				DBB428391880A64F00139082 /* Frameworks */,
				DBB428381880A64F00139082 /* Products */,
			);
			sourceTree = "<group>";
		};
		DBB428381880A64F00139082 /* Products */ = {
			isa = PBXGroup;
			children = (
				DBB428371880A64F00139082 /* GSFDataCollecter.app */,
				DBB4285B1880A64F00139082 /* GSFDataCollecterTests.xctest */,
			);
			name = Products;
			sourceTree = "<group>";
		};
		DBB428391880A64F00139082 /* Frameworks */ = {
			isa = PBXGroup;
			children = (
				96C6A53018984534004D70F0 /* QuartzCore.framework */,
				96C6A52A1898451A004D70F0 /* CoreImage.framework */,
				96C6A52B1898451A004D70F0 /* CoreMedia.framework */,
				96C6A52C1898451A004D70F0 /* CoreVideo.framework */,
				96C6A52618984501004D70F0 /* AssetsLibrary.framework */,
				96C6A52718984501004D70F0 /* AVFoundation.framework */,
				96C6A524189844F2004D70F0 /* Accelerate.framework */,
				96C6A52218984390004D70F0 /* opencv2.framework */,
				DBB4283A1880A64F00139082 /* Foundation.framework */,
				DBB4283C1880A64F00139082 /* CoreGraphics.framework */,
				DBB4283E1880A64F00139082 /* UIKit.framework */,
				DBB4285C1880A64F00139082 /* XCTest.framework */,
			);
			name = Frameworks;
			sourceTree = "<group>";
		};
		DBB428401880A64F00139082 /* GSFDataCollecter */ = {
			isa = PBXGroup;
			children = (
				DBB428491880A64F00139082 /* GSFAppDelegate.h */,
				DBB4284A1880A64F00139082 /* GSFAppDelegate.m */,
				DBB4284F1880A64F00139082 /* Main_iPad.storyboard */,
				DBB4284C1880A64F00139082 /* Main_iPhone.storyboard */,
				96B5990118920061001D29CF /* GSFDataViewController.h */,
				96B5990218920061001D29CF /* GSFDataViewController.m */,
				DBB428521880A64F00139082 /* GSFViewController.h */,
				DBB428531880A64F00139082 /* GSFViewController.m */,
				96B599041894437F001D29CF /* GSFPhotoSelector.h */,
				96B599051894437F001D29CF /* GSFPhotoSelector.m */,
				96B5990A18963A5A001D29CF /* GSFImageSelectorPreview.h */,
				96B5990B18963A5A001D29CF /* GSFImageSelectorPreview.m */,
				96B599071895FB4D001D29CF /* GSFImageCollectionViewCell.h */,
				96B599081895FB4D001D29CF /* GSFImageCollectionViewCell.m */,
				96C6A532189845BB004D70F0 /* GSFOpenCvImageProcessor.h */,
				96C6A533189845BB004D70F0 /* GSFOpenCvImageProcessor.mm */,
				DBB428551880A64F00139082 /* Images.xcassets */,
				DBB428411880A64F00139082 /* Supporting Files */,
			);
			path = GSFDataCollecter;
			sourceTree = "<group>";
		};
		DBB428411880A64F00139082 /* Supporting Files */ = {
			isa = PBXGroup;
			children = (
				DBB428421880A64F00139082 /* GSFDataCollecter-Info.plist */,
				DBB428431880A64F00139082 /* InfoPlist.strings */,
				DBB428461880A64F00139082 /* main.m */,
				DBB428481880A64F00139082 /* GSFDataCollecter-Prefix.pch */,
			);
			name = "Supporting Files";
			sourceTree = "<group>";
		};
		DBB428621880A64F00139082 /* GSFDataCollecterTests */ = {
			isa = PBXGroup;
			children = (
				DBB428681880A64F00139082 /* GSFDataCollecterTests.m */,
				DBB428631880A64F00139082 /* Supporting Files */,
			);
			path = GSFDataCollecterTests;
			sourceTree = "<group>";
		};
		DBB428631880A64F00139082 /* Supporting Files */ = {
			isa = PBXGroup;
			children = (
				DBB428641880A64F00139082 /* GSFDataCollecterTests-Info.plist */,
				DBB428651880A64F00139082 /* InfoPlist.strings */,
			);
			name = "Supporting Files";
			sourceTree = "<group>";
		};
/* End PBXGroup section */

/* Begin PBXNativeTarget section */
		DBB428361880A64F00139082 /* GSFDataCollecter */ = {
			isa = PBXNativeTarget;
			buildConfigurationList = DBB4286C1880A64F00139082 /* Build configuration list for PBXNativeTarget "GSFDataCollecter" */;
			buildPhases = (
				DBB428331880A64F00139082 /* Sources */,
				DBB428341880A64F00139082 /* Frameworks */,
				DBB428351880A64F00139082 /* Resources */,
			);
			buildRules = (
			);
			dependencies = (
			);
			name = GSFDataCollecter;
			productName = GSFDataCollecter;
			productReference = DBB428371880A64F00139082 /* GSFDataCollecter.app */;
			productType = "com.apple.product-type.application";
		};
		DBB4285A1880A64F00139082 /* GSFDataCollecterTests */ = {
			isa = PBXNativeTarget;
			buildConfigurationList = DBB4286F1880A64F00139082 /* Build configuration list for PBXNativeTarget "GSFDataCollecterTests" */;
			buildPhases = (
				DBB428571880A64F00139082 /* Sources */,
				DBB428581880A64F00139082 /* Frameworks */,
				DBB428591880A64F00139082 /* Resources */,
			);
			buildRules = (
			);
			dependencies = (
				DBB428611880A64F00139082 /* PBXTargetDependency */,
			);
			name = GSFDataCollecterTests;
			productName = GSFDataCollecterTests;
			productReference = DBB4285B1880A64F00139082 /* GSFDataCollecterTests.xctest */;
			productType = "com.apple.product-type.bundle.unit-test";
		};
/* End PBXNativeTarget section */

/* Begin PBXProject section */
		DBB4282F1880A64F00139082 /* Project object */ = {
			isa = PBXProject;
			attributes = {
				CLASSPREFIX = GSF;
				LastUpgradeCheck = 0500;
				ORGANIZATIONNAME = "Michael Baptist - LLNL";
				TargetAttributes = {
					DBB428361880A64F00139082 = {
						DevelopmentTeam = 58K2V57UB6;
					};
					DBB4285A1880A64F00139082 = {
						TestTargetID = DBB428361880A64F00139082;
					};
				};
			};
			buildConfigurationList = DBB428321880A64F00139082 /* Build configuration list for PBXProject "GSFDataCollecter" */;
			compatibilityVersion = "Xcode 3.2";
			developmentRegion = English;
			hasScannedForEncodings = 0;
			knownRegions = (
				en,
				Base,
			);
			mainGroup = DBB4282E1880A64F00139082;
			productRefGroup = DBB428381880A64F00139082 /* Products */;
			projectDirPath = "";
			projectRoot = "";
			targets = (
				DBB428361880A64F00139082 /* GSFDataCollecter */,
				DBB4285A1880A64F00139082 /* GSFDataCollecterTests */,
			);
		};
/* End PBXProject section */

/* Begin PBXResourcesBuildPhase section */
		DBB428351880A64F00139082 /* Resources */ = {
			isa = PBXResourcesBuildPhase;
			buildActionMask = 2147483647;
			files = (
				DBB428511880A64F00139082 /* Main_iPad.storyboard in Resources */,
				DBB428561880A64F00139082 /* Images.xcassets in Resources */,
				DBB4284E1880A64F00139082 /* Main_iPhone.storyboard in Resources */,
				DBB428451880A64F00139082 /* InfoPlist.strings in Resources */,
			);
			runOnlyForDeploymentPostprocessing = 0;
		};
		DBB428591880A64F00139082 /* Resources */ = {
			isa = PBXResourcesBuildPhase;
			buildActionMask = 2147483647;
			files = (
				DBB428671880A64F00139082 /* InfoPlist.strings in Resources */,
			);
			runOnlyForDeploymentPostprocessing = 0;
		};
/* End PBXResourcesBuildPhase section */

/* Begin PBXSourcesBuildPhase section */
		DBB428331880A64F00139082 /* Sources */ = {
			isa = PBXSourcesBuildPhase;
			buildActionMask = 2147483647;
			files = (
				96B599061894437F001D29CF /* GSFPhotoSelector.m in Sources */,
				96B599091895FB4D001D29CF /* GSFImageCollectionViewCell.m in Sources */,
				96C6A534189845BB004D70F0 /* GSFOpenCvImageProcessor.mm in Sources */,
				DBB428471880A64F00139082 /* main.m in Sources */,
				DBB4284B1880A64F00139082 /* GSFAppDelegate.m in Sources */,
				DBB428541880A64F00139082 /* GSFViewController.m in Sources */,
				96B5990318920061001D29CF /* GSFDataViewController.m in Sources */,
				96B5990C18963A5A001D29CF /* GSFImageSelectorPreview.m in Sources */,
			);
			runOnlyForDeploymentPostprocessing = 0;
		};
		DBB428571880A64F00139082 /* Sources */ = {
			isa = PBXSourcesBuildPhase;
			buildActionMask = 2147483647;
			files = (
				DBB428691880A64F00139082 /* GSFDataCollecterTests.m in Sources */,
			);
			runOnlyForDeploymentPostprocessing = 0;
		};
/* End PBXSourcesBuildPhase section */

/* Begin PBXTargetDependency section */
		DBB428611880A64F00139082 /* PBXTargetDependency */ = {
			isa = PBXTargetDependency;
			target = DBB428361880A64F00139082 /* GSFDataCollecter */;
			targetProxy = DBB428601880A64F00139082 /* PBXContainerItemProxy */;
		};
/* End PBXTargetDependency section */

/* Begin PBXVariantGroup section */
		DBB428431880A64F00139082 /* InfoPlist.strings */ = {
			isa = PBXVariantGroup;
			children = (
				DBB428441880A64F00139082 /* en */,
			);
			name = InfoPlist.strings;
			sourceTree = "<group>";
		};
		DBB4284C1880A64F00139082 /* Main_iPhone.storyboard */ = {
			isa = PBXVariantGroup;
			children = (
				DBB4284D1880A64F00139082 /* Base */,
			);
			name = Main_iPhone.storyboard;
			sourceTree = "<group>";
		};
		DBB4284F1880A64F00139082 /* Main_iPad.storyboard */ = {
			isa = PBXVariantGroup;
			children = (
				DBB428501880A64F00139082 /* Base */,
			);
			name = Main_iPad.storyboard;
			sourceTree = "<group>";
		};
		DBB428651880A64F00139082 /* InfoPlist.strings */ = {
			isa = PBXVariantGroup;
			children = (
				DBB428661880A64F00139082 /* en */,
			);
			name = InfoPlist.strings;
			sourceTree = "<group>";
		};
/* End PBXVariantGroup section */

/* Begin XCBuildConfiguration section */
		DBB4286A1880A64F00139082 /* Debug */ = {
			isa = XCBuildConfiguration;
			buildSettings = {
				ALWAYS_SEARCH_USER_PATHS = NO;
				ARCHS = "$(ARCHS_STANDARD_INCLUDING_64_BIT)";
				CLANG_CXX_LANGUAGE_STANDARD = "gnu++0x";
				CLANG_CXX_LIBRARY = "libc++";
				CLANG_ENABLE_MODULES = YES;
				CLANG_ENABLE_OBJC_ARC = YES;
				CLANG_WARN_BOOL_CONVERSION = YES;
				CLANG_WARN_CONSTANT_CONVERSION = YES;
				CLANG_WARN_DIRECT_OBJC_ISA_USAGE = YES_ERROR;
				CLANG_WARN_EMPTY_BODY = YES;
				CLANG_WARN_ENUM_CONVERSION = YES;
				CLANG_WARN_INT_CONVERSION = YES;
				CLANG_WARN_OBJC_ROOT_CLASS = YES_ERROR;
				CLANG_WARN__DUPLICATE_METHOD_MATCH = YES;
				"CODE_SIGN_IDENTITY[sdk=iphoneos*]" = "iPhone Developer";
				COPY_PHASE_STRIP = NO;
				GCC_C_LANGUAGE_STANDARD = gnu99;
				GCC_DYNAMIC_NO_PIC = NO;
				GCC_OPTIMIZATION_LEVEL = 0;
				GCC_PREPROCESSOR_DEFINITIONS = (
					"DEBUG=1",
					"$(inherited)",
				);
				GCC_SYMBOLS_PRIVATE_EXTERN = NO;
				GCC_WARN_64_TO_32_BIT_CONVERSION = YES;
				GCC_WARN_ABOUT_RETURN_TYPE = YES_ERROR;
				GCC_WARN_UNDECLARED_SELECTOR = YES;
				GCC_WARN_UNINITIALIZED_AUTOS = YES;
				GCC_WARN_UNUSED_FUNCTION = YES;
				GCC_WARN_UNUSED_VARIABLE = YES;
				IPHONEOS_DEPLOYMENT_TARGET = 7.0;
				ONLY_ACTIVE_ARCH = YES;
				SDKROOT = iphoneos;
				TARGETED_DEVICE_FAMILY = "1,2";
			};
			name = Debug;
		};
		DBB4286B1880A64F00139082 /* Release */ = {
			isa = XCBuildConfiguration;
			buildSettings = {
				ALWAYS_SEARCH_USER_PATHS = NO;
				ARCHS = "$(ARCHS_STANDARD_INCLUDING_64_BIT)";
				CLANG_CXX_LANGUAGE_STANDARD = "gnu++0x";
				CLANG_CXX_LIBRARY = "libc++";
				CLANG_ENABLE_MODULES = YES;
				CLANG_ENABLE_OBJC_ARC = YES;
				CLANG_WARN_BOOL_CONVERSION = YES;
				CLANG_WARN_CONSTANT_CONVERSION = YES;
				CLANG_WARN_DIRECT_OBJC_ISA_USAGE = YES_ERROR;
				CLANG_WARN_EMPTY_BODY = YES;
				CLANG_WARN_ENUM_CONVERSION = YES;
				CLANG_WARN_INT_CONVERSION = YES;
				CLANG_WARN_OBJC_ROOT_CLASS = YES_ERROR;
				CLANG_WARN__DUPLICATE_METHOD_MATCH = YES;
				"CODE_SIGN_IDENTITY[sdk=iphoneos*]" = "iPhone Developer";
				COPY_PHASE_STRIP = YES;
				ENABLE_NS_ASSERTIONS = NO;
				GCC_C_LANGUAGE_STANDARD = gnu99;
				GCC_WARN_64_TO_32_BIT_CONVERSION = YES;
				GCC_WARN_ABOUT_RETURN_TYPE = YES_ERROR;
				GCC_WARN_UNDECLARED_SELECTOR = YES;
				GCC_WARN_UNINITIALIZED_AUTOS = YES;
				GCC_WARN_UNUSED_FUNCTION = YES;
				GCC_WARN_UNUSED_VARIABLE = YES;
				IPHONEOS_DEPLOYMENT_TARGET = 7.0;
				SDKROOT = iphoneos;
				TARGETED_DEVICE_FAMILY = "1,2";
				VALIDATE_PRODUCT = YES;
			};
			name = Release;
		};
		DBB4286D1880A64F00139082 /* Debug */ = {
			isa = XCBuildConfiguration;
			buildSettings = {
				ALWAYS_SEARCH_USER_PATHS = YES;
				ASSETCATALOG_COMPILER_APPICON_NAME = AppIcon;
				ASSETCATALOG_COMPILER_LAUNCHIMAGE_NAME = LaunchImage;
				CLANG_CXX_LIBRARY = "libc++";
				CODE_SIGN_IDENTITY = "iPhone Developer";
				FRAMEWORK_SEARCH_PATHS = (
					"$(inherited)",
					"./**",
					"/Users/mbaptist/Code/opencv/**",
					"/Users/mbaptist/Code/open-fusion-iOS",
				);
				GCC_PRECOMPILE_PREFIX_HEADER = YES;
				GCC_PREFIX_HEADER = "GSFDataCollecter/GSFDataCollecter-Prefix.pch";
				INFOPLIST_FILE = "GSFDataCollecter/GSFDataCollecter-Info.plist";
				PRODUCT_NAME = "$(TARGET_NAME)";
				WRAPPER_EXTENSION = app;
			};
			name = Debug;
		};
		DBB4286E1880A64F00139082 /* Release */ = {
			isa = XCBuildConfiguration;
			buildSettings = {
				ALWAYS_SEARCH_USER_PATHS = YES;
				ASSETCATALOG_COMPILER_APPICON_NAME = AppIcon;
				ASSETCATALOG_COMPILER_LAUNCHIMAGE_NAME = LaunchImage;
				CLANG_CXX_LIBRARY = "libc++";
				CODE_SIGN_IDENTITY = "iPhone Developer";
				FRAMEWORK_SEARCH_PATHS = (
					"$(inherited)",
					"./**",
					"/Users/mbaptist/Code/opencv/**",
					"/Users/mbaptist/Code/open-fusion-iOS",
				);
				GCC_PRECOMPILE_PREFIX_HEADER = YES;
				GCC_PREFIX_HEADER = "GSFDataCollecter/GSFDataCollecter-Prefix.pch";
				INFOPLIST_FILE = "GSFDataCollecter/GSFDataCollecter-Info.plist";
				PRODUCT_NAME = "$(TARGET_NAME)";
				WRAPPER_EXTENSION = app;
			};
			name = Release;
		};
		DBB428701880A64F00139082 /* Debug */ = {
			isa = XCBuildConfiguration;
			buildSettings = {
				ARCHS = "$(ARCHS_STANDARD_INCLUDING_64_BIT)";
				BUNDLE_LOADER = "$(BUILT_PRODUCTS_DIR)/GSFDataCollecter.app/GSFDataCollecter";
				FRAMEWORK_SEARCH_PATHS = (
					"$(SDKROOT)/Developer/Library/Frameworks",
					"$(inherited)",
					"$(DEVELOPER_FRAMEWORKS_DIR)",
				);
				GCC_PRECOMPILE_PREFIX_HEADER = YES;
				GCC_PREFIX_HEADER = "GSFDataCollecter/GSFDataCollecter-Prefix.pch";
				GCC_PREPROCESSOR_DEFINITIONS = (
					"DEBUG=1",
					"$(inherited)",
				);
				INFOPLIST_FILE = "GSFDataCollecterTests/GSFDataCollecterTests-Info.plist";
				PRODUCT_NAME = "$(TARGET_NAME)";
				TEST_HOST = "$(BUNDLE_LOADER)";
				WRAPPER_EXTENSION = xctest;
			};
			name = Debug;
		};
		DBB428711880A64F00139082 /* Release */ = {
			isa = XCBuildConfiguration;
			buildSettings = {
				ARCHS = "$(ARCHS_STANDARD_INCLUDING_64_BIT)";
				BUNDLE_LOADER = "$(BUILT_PRODUCTS_DIR)/GSFDataCollecter.app/GSFDataCollecter";
				FRAMEWORK_SEARCH_PATHS = (
					"$(SDKROOT)/Developer/Library/Frameworks",
					"$(inherited)",
					"$(DEVELOPER_FRAMEWORKS_DIR)",
				);
				GCC_PRECOMPILE_PREFIX_HEADER = YES;
				GCC_PREFIX_HEADER = "GSFDataCollecter/GSFDataCollecter-Prefix.pch";
				INFOPLIST_FILE = "GSFDataCollecterTests/GSFDataCollecterTests-Info.plist";
				PRODUCT_NAME = "$(TARGET_NAME)";
				TEST_HOST = "$(BUNDLE_LOADER)";
				WRAPPER_EXTENSION = xctest;
			};
			name = Release;
		};
/* End XCBuildConfiguration section */

/* Begin XCConfigurationList section */
		DBB428321880A64F00139082 /* Build configuration list for PBXProject "GSFDataCollecter" */ = {
			isa = XCConfigurationList;
			buildConfigurations = (
				DBB4286A1880A64F00139082 /* Debug */,
				DBB4286B1880A64F00139082 /* Release */,
			);
			defaultConfigurationIsVisible = 0;
			defaultConfigurationName = Release;
		};
		DBB4286C1880A64F00139082 /* Build configuration list for PBXNativeTarget "GSFDataCollecter" */ = {
			isa = XCConfigurationList;
			buildConfigurations = (
				DBB4286D1880A64F00139082 /* Debug */,
				DBB4286E1880A64F00139082 /* Release */,
			);
			defaultConfigurationIsVisible = 0;
			defaultConfigurationName = Release;
		};
		DBB4286F1880A64F00139082 /* Build configuration list for PBXNativeTarget "GSFDataCollecterTests" */ = {
			isa = XCConfigurationList;
			buildConfigurations = (
				DBB428701880A64F00139082 /* Debug */,
				DBB428711880A64F00139082 /* Release */,
			);
			defaultConfigurationIsVisible = 0;
			defaultConfigurationName = Release;
		};
/* End XCConfigurationList section */
	};
	rootObject = DBB4282F1880A64F00139082 /* Project object */;
}
